{
  "object": {
    "pins": [
      {
        "package": "ID3TagEditor",
        "repositoryURL": "https://github.com/chicio/ID3TagEditor.git",
        "state": {
          "branch": null,
          "revision": "7b4dc87a08335f05036cc388c7a8d5e0040a7a7b",
          "version": "2.2.0"
        }
      }
    ]
  },
  "version": 1
}
