// !$*UTF8*$!
{
	archiveVersion = 1;
	classes = {
	};
	objectVersion = 70;
	objects = {

/* Begin PBXBuildFile section */
		45966CA42CBACFC300F841E7 /* ID3TagEditor.framework in Frameworks */ = {isa = PBXBuildFile; fileRef = 45541BD7205990990025A8BF /* ID3TagEditor.framework */; };
		45966CA52CBACFC300F841E7 /* ID3TagEditor.framework in Embed Frameworks */ = {isa = PBXBuildFile; fileRef = 45541BD7205990990025A8BF /* ID3TagEditor.framework */; settings = {ATTRIBUTES = (CodeSignOnCopy, RemoveHeadersOnCopy, ); }; };
		45966D1D2CBAD47D00F841E7 /* ID3TagEditor.framework in Frameworks */ = {isa = PBXBuildFile; fileRef = 452833692044D47B00458375 /* ID3TagEditor.framework */; };
		45966D1E2CBAD47D00F841E7 /* ID3TagEditor.framework in Embed Frameworks */ = {isa = PBXBuildFile; fileRef = 452833692044D47B00458375 /* ID3TagEditor.framework */; settings = {ATTRIBUTES = (CodeSignOnCopy, RemoveHeadersOnCopy, ); }; };
		45F60D102CBACB580073BC12 /* ID3TagEditor.framework in Frameworks */ = {isa = PBXBuildFile; fileRef = 452833652044D47B00458375 /* ID3TagEditor.framework */; };
		45F60D112CBACB580073BC12 /* ID3TagEditor.framework in Embed Frameworks */ = {isa = PBXBuildFile; fileRef = 452833652044D47B00458375 /* ID3TagEditor.framework */; settings = {ATTRIBUTES = (CodeSignOnCopy, RemoveHeadersOnCopy, ); }; };
		45F7914D2CB9465500AD985F /* ID3TagEditor.framework in Frameworks */ = {isa = PBXBuildFile; fileRef = 45F834302059061F0046C804 /* ID3TagEditor.framework */; };
		45F7914E2CB9465500AD985F /* ID3TagEditor.framework in Embed Frameworks */ = {isa = PBXBuildFile; fileRef = 45F834302059061F0046C804 /* ID3TagEditor.framework */; settings = {ATTRIBUTES = (CodeSignOnCopy, RemoveHeadersOnCopy, ); }; };
/* End PBXBuildFile section */

/* Begin PBXContainerItemProxy section */
		452833642044D47B00458375 /* PBXContainerItemProxy */ = {
			isa = PBXContainerItemProxy;
			containerPortal = 4528335D2044D47B00458375 /* ID3TagEditor.xcodeproj */;
			proxyType = 2;
			remoteGlobalIDString = 452831C52044C40700458375;
			remoteInfo = "ID3TagEditor macOS";
		};
		452833662044D47B00458375 /* PBXContainerItemProxy */ = {
			isa = PBXContainerItemProxy;
			containerPortal = 4528335D2044D47B00458375 /* ID3TagEditor.xcodeproj */;
			proxyType = 2;
			remoteGlobalIDString = 452831CE2044C40700458375;
			remoteInfo = "ID3TagEditor macOS Tests";
		};
		452833682044D47B00458375 /* PBXContainerItemProxy */ = {
			isa = PBXContainerItemProxy;
			containerPortal = 4528335D2044D47B00458375 /* ID3TagEditor.xcodeproj */;
			proxyType = 2;
			remoteGlobalIDString = 452831E52044C4F500458375;
			remoteInfo = "ID3TagEditor iOS";
		};
		4528336A2044D47B00458375 /* PBXContainerItemProxy */ = {
			isa = PBXContainerItemProxy;
			containerPortal = 4528335D2044D47B00458375 /* ID3TagEditor.xcodeproj */;
			proxyType = 2;
			remoteGlobalIDString = 452831ED2044C4F500458375;
			remoteInfo = "ID3TagEditor iOS Tests";
		};
		45541BD6205990990025A8BF /* PBXContainerItemProxy */ = {
			isa = PBXContainerItemProxy;
			containerPortal = 4528335D2044D47B00458375 /* ID3TagEditor.xcodeproj */;
			proxyType = 2;
			remoteGlobalIDString = 45541B7720598F6C0025A8BF;
			remoteInfo = "ID3TagEditor tvOS";
		};
		45EEC046205A66E900CEF5BF /* PBXContainerItemProxy */ = {
			isa = PBXContainerItemProxy;
			containerPortal = 4528335D2044D47B00458375 /* ID3TagEditor.xcodeproj */;
			proxyType = 2;
			remoteGlobalIDString = 45541BE52059954C0025A8BF;
			remoteInfo = "ID3TagEditor tvOS Tests";
		};
		45F8342F2059061F0046C804 /* PBXContainerItemProxy */ = {
			isa = PBXContainerItemProxy;
			containerPortal = 4528335D2044D47B00458375 /* ID3TagEditor.xcodeproj */;
			proxyType = 2;
			remoteGlobalIDString = 45F833E3205904680046C804;
			remoteInfo = "ID3TagEditor watchOS";
		};
/* End PBXContainerItemProxy section */

/* Begin PBXCopyFilesBuildPhase section */
		45966CA62CBACFC400F841E7 /* Embed Frameworks */ = {
			isa = PBXCopyFilesBuildPhase;
			buildActionMask = 2147483647;
			dstPath = "";
			dstSubfolderSpec = 10;
			files = (
				45966CA52CBACFC300F841E7 /* ID3TagEditor.framework in Embed Frameworks */,
			);
			name = "Embed Frameworks";
			runOnlyForDeploymentPostprocessing = 0;
		};
		45966D1F2CBAD47D00F841E7 /* Embed Frameworks */ = {
			isa = PBXCopyFilesBuildPhase;
			buildActionMask = 2147483647;
			dstPath = "";
			dstSubfolderSpec = 10;
			files = (
				45966D1E2CBAD47D00F841E7 /* ID3TagEditor.framework in Embed Frameworks */,
			);
			name = "Embed Frameworks";
			runOnlyForDeploymentPostprocessing = 0;
		};
		45F60D122CBACB590073BC12 /* Embed Frameworks */ = {
			isa = PBXCopyFilesBuildPhase;
			buildActionMask = 2147483647;
			dstPath = "";
			dstSubfolderSpec = 10;
			files = (
				45F60D112CBACB580073BC12 /* ID3TagEditor.framework in Embed Frameworks */,
			);
			name = "Embed Frameworks";
			runOnlyForDeploymentPostprocessing = 0;
		};
		45F7914F2CB9465500AD985F /* Embed Frameworks */ = {
			isa = PBXCopyFilesBuildPhase;
			buildActionMask = 2147483647;
			dstPath = "";
			dstSubfolderSpec = 10;
			files = (
				45F7914E2CB9465500AD985F /* ID3TagEditor.framework in Embed Frameworks */,
			);
			name = "Embed Frameworks";
			runOnlyForDeploymentPostprocessing = 0;
		};
/* End PBXCopyFilesBuildPhase section */

/* Begin PBXFileReference section */
		4528335D2044D47B00458375 /* ID3TagEditor.xcodeproj */ = {isa = PBXFileReference; lastKnownFileType = "wrapper.pb-project"; name = ID3TagEditor.xcodeproj; path = ../ID3TagEditor.xcodeproj; sourceTree = "<group>"; };
		45751DAC2193CDB100627A34 /* .gitignore */ = {isa = PBXFileReference; lastKnownFileType = text; path = .gitignore; sourceTree = "<group>"; };
		45751DAD2193CDB100627A34 /* Package.swift */ = {isa = PBXFileReference; lastKnownFileType = sourcecode.swift; path = Package.swift; sourceTree = "<group>"; };
		45751DB02193CDB100627A34 /* example-v3-additional-data.mp3 */ = {isa = PBXFileReference; lastKnownFileType = audio.mp3; path = "example-v3-additional-data.mp3"; sourceTree = "<group>"; };
		45751DB12193CDB100627A34 /* main.swift */ = {isa = PBXFileReference; lastKnownFileType = sourcecode.swift; path = main.swift; sourceTree = "<group>"; };
		45966C952CBACF5000F841E7 /* Demo tvOS.app */ = {isa = PBXFileReference; explicitFileType = wrapper.application; includeInIndex = 0; path = "Demo tvOS.app"; sourceTree = BUILT_PRODUCTS_DIR; };
		45966D0F2CBAD44C00F841E7 /* Demo iOS.app */ = {isa = PBXFileReference; explicitFileType = wrapper.application; includeInIndex = 0; path = "Demo iOS.app"; sourceTree = BUILT_PRODUCTS_DIR; };
		45F60D002CBACAB80073BC12 /* Demo macOS.app */ = {isa = PBXFileReference; explicitFileType = wrapper.application; includeInIndex = 0; path = "Demo macOS.app"; sourceTree = BUILT_PRODUCTS_DIR; };
		45F78C252CB939C700AD985F /* Demo watchOS.app */ = {isa = PBXFileReference; explicitFileType = wrapper.application; includeInIndex = 0; path = "Demo watchOS.app"; sourceTree = BUILT_PRODUCTS_DIR; };
/* End PBXFileReference section */

/* Begin PBXFileSystemSynchronizedBuildFileExceptionSet section */
		45966CA82CBAD01100F841E7 /* PBXFileSystemSynchronizedBuildFileExceptionSet */ = {
			isa = PBXFileSystemSynchronizedBuildFileExceptionSet;
			membershipExceptions = (
				PathLoader.swift,
			);
			target = 45966C942CBACF5000F841E7 /* Demo tvOS */;
		};
		45966D212CBAD4B000F841E7 /* PBXFileSystemSynchronizedBuildFileExceptionSet */ = {
			isa = PBXFileSystemSynchronizedBuildFileExceptionSet;
			membershipExceptions = (
				PathLoader.swift,
			);
			target = 45966D0E2CBAD44C00F841E7 /* Demo iOS */;
		};
		45F6115A2CBACC520073BC12 /* PBXFileSystemSynchronizedBuildFileExceptionSet */ = {
			isa = PBXFileSystemSynchronizedBuildFileExceptionSet;
			membershipExceptions = (
				PathLoader.swift,
			);
			target = 45F60CFF2CBACAB80073BC12 /* Demo macOS */;
		};
		45F78CBE2CB9411D00AD985F /* PBXFileSystemSynchronizedBuildFileExceptionSet */ = {
			isa = PBXFileSystemSynchronizedBuildFileExceptionSet;
			membershipExceptions = (
				PathLoader.swift,
			);
			target = 45F78C242CB939C700AD985F /* Demo watchOS */;
		};
/* End PBXFileSystemSynchronizedBuildFileExceptionSet section */

/* Begin PBXFileSystemSynchronizedRootGroup section */
		45966C962CBACF5000F841E7 /* Demo tvOS */ = {isa = PBXFileSystemSynchronizedRootGroup; explicitFileTypes = {}; explicitFolders = (); path = "Demo tvOS"; sourceTree = "<group>"; };
		45966D102CBAD44C00F841E7 /* Demo iOS */ = {isa = PBXFileSystemSynchronizedRootGroup; explicitFileTypes = {}; explicitFolders = (); path = "Demo iOS"; sourceTree = "<group>"; };
		45F60D012CBACAB80073BC12 /* Demo macOS */ = {isa = PBXFileSystemSynchronizedRootGroup; explicitFileTypes = {}; explicitFolders = (); path = "Demo macOS"; sourceTree = "<group>"; };
		45F78C292CB939C700AD985F /* Demo watchOS */ = {isa = PBXFileSystemSynchronizedRootGroup; explicitFileTypes = {}; explicitFolders = (); path = "Demo watchOS"; sourceTree = "<group>"; };
		45F78C9A2CB9411D00AD985F /* Demo common */ = {isa = PBXFileSystemSynchronizedRootGroup; exceptions = (45966D212CBAD4B000F841E7 /* PBXFileSystemSynchronizedBuildFileExceptionSet */, 45F78CBE2CB9411D00AD985F /* PBXFileSystemSynchronizedBuildFileExceptionSet */, 45F6115A2CBACC520073BC12 /* PBXFileSystemSynchronizedBuildFileExceptionSet */, 45966CA82CBAD01100F841E7 /* PBXFileSystemSynchronizedBuildFileExceptionSet */, ); explicitFileTypes = {}; explicitFolders = (); path = "Demo common"; sourceTree = "<group>"; };
/* End PBXFileSystemSynchronizedRootGroup section */

/* Begin PBXFrameworksBuildPhase section */
		45966C922CBACF5000F841E7 /* Frameworks */ = {
			isa = PBXFrameworksBuildPhase;
			buildActionMask = 2147483647;
			files = (
				45966CA42CBACFC300F841E7 /* ID3TagEditor.framework in Frameworks */,
			);
			runOnlyForDeploymentPostprocessing = 0;
		};
		45966D0C2CBAD44C00F841E7 /* Frameworks */ = {
			isa = PBXFrameworksBuildPhase;
			buildActionMask = 2147483647;
			files = (
				45966D1D2CBAD47D00F841E7 /* ID3TagEditor.framework in Frameworks */,
			);
			runOnlyForDeploymentPostprocessing = 0;
		};
		45F60CFD2CBACAB80073BC12 /* Frameworks */ = {
			isa = PBXFrameworksBuildPhase;
			buildActionMask = 2147483647;
			files = (
				45F60D102CBACB580073BC12 /* ID3TagEditor.framework in Frameworks */,
			);
			runOnlyForDeploymentPostprocessing = 0;
		};
		45F78C222CB939C700AD985F /* Frameworks */ = {
			isa = PBXFrameworksBuildPhase;
			buildActionMask = 2147483647;
			files = (
				45F7914D2CB9465500AD985F /* ID3TagEditor.framework in Frameworks */,
			);
			runOnlyForDeploymentPostprocessing = 0;
		};
/* End PBXFrameworksBuildPhase section */

/* Begin PBXGroup section */
		452832E62044D28E00458375 = {
			isa = PBXGroup;
			children = (
				4528335D2044D47B00458375 /* ID3TagEditor.xcodeproj */,
				45F60D012CBACAB80073BC12 /* Demo macOS */,
				45966D102CBAD44C00F841E7 /* Demo iOS */,
				45F78C9A2CB9411D00AD985F /* Demo common */,
				45966C962CBACF5000F841E7 /* Demo tvOS */,
				457517C82193CDAF00627A34 /* Demo Ubuntu */,
				45F78C292CB939C700AD985F /* Demo watchOS */,
				45966CA32CBACFC300F841E7 /* Frameworks */,
				452832F02044D28E00458375 /* Products */,
			);
			sourceTree = "<group>";
		};
		452832F02044D28E00458375 /* Products */ = {
			isa = PBXGroup;
			children = (
				45F78C252CB939C700AD985F /* Demo watchOS.app */,
				45F60D002CBACAB80073BC12 /* Demo macOS.app */,
				45966C952CBACF5000F841E7 /* Demo tvOS.app */,
				45966D0F2CBAD44C00F841E7 /* Demo iOS.app */,
			);
			name = Products;
			sourceTree = "<group>";
		};
		4528335E2044D47B00458375 /* Products */ = {
			isa = PBXGroup;
			children = (
				452833652044D47B00458375 /* ID3TagEditor.framework */,
				452833672044D47B00458375 /* ID3TagEditor macOS Tests.xctest */,
				452833692044D47B00458375 /* ID3TagEditor.framework */,
				4528336B2044D47B00458375 /* ID3TagEditor iOS Tests.xctest */,
				45541BD7205990990025A8BF /* ID3TagEditor.framework */,
				45EEC047205A66E900CEF5BF /* ID3TagEditor tvOS Tests.xctest */,
				45F834302059061F0046C804 /* ID3TagEditor.framework */,
			);
			name = Products;
			sourceTree = "<group>";
		};
		457517C82193CDAF00627A34 /* Demo Ubuntu */ = {
			isa = PBXGroup;
			children = (
				45751DAC2193CDB100627A34 /* .gitignore */,
				45751DAD2193CDB100627A34 /* Package.swift */,
				45751DAE2193CDB100627A34 /* Sources */,
			);
			path = "Demo Ubuntu";
			sourceTree = "<group>";
		};
		45751DAE2193CDB100627A34 /* Sources */ = {
			isa = PBXGroup;
			children = (
				45751DAF2193CDB100627A34 /* Demo Ubuntu */,
			);
			path = Sources;
			sourceTree = "<group>";
		};
		45751DAF2193CDB100627A34 /* Demo Ubuntu */ = {
			isa = PBXGroup;
			children = (
				45751DB02193CDB100627A34 /* example-v3-additional-data.mp3 */,
				45751DB12193CDB100627A34 /* main.swift */,
			);
			path = "Demo Ubuntu";
			sourceTree = "<group>";
		};
		45966CA32CBACFC300F841E7 /* Frameworks */ = {
			isa = PBXGroup;
			children = (
			);
			name = Frameworks;
			sourceTree = "<group>";
		};
/* End PBXGroup section */

/* Begin PBXNativeTarget section */
		45966C942CBACF5000F841E7 /* Demo tvOS */ = {
			isa = PBXNativeTarget;
			buildConfigurationList = 45966CA02CBACF5100F841E7 /* Build configuration list for PBXNativeTarget "Demo tvOS" */;
			buildPhases = (
				45966C912CBACF5000F841E7 /* Sources */,
				45966C922CBACF5000F841E7 /* Frameworks */,
				45966C932CBACF5000F841E7 /* Resources */,
				45966CA62CBACFC400F841E7 /* Embed Frameworks */,
			);
			buildRules = (
			);
			dependencies = (
			);
			fileSystemSynchronizedGroups = (
				45966C962CBACF5000F841E7 /* Demo tvOS */,
			);
			name = "Demo tvOS";
			packageProductDependencies = (
			);
			productName = "Demo tvOS";
			productReference = 45966C952CBACF5000F841E7 /* Demo tvOS.app */;
			productType = "com.apple.product-type.application";
		};
		45966D0E2CBAD44C00F841E7 /* Demo iOS */ = {
			isa = PBXNativeTarget;
			buildConfigurationList = 45966D1A2CBAD44D00F841E7 /* Build configuration list for PBXNativeTarget "Demo iOS" */;
			buildPhases = (
				45966D0B2CBAD44C00F841E7 /* Sources */,
				45966D0C2CBAD44C00F841E7 /* Frameworks */,
				45966D0D2CBAD44C00F841E7 /* Resources */,
				45966D1F2CBAD47D00F841E7 /* Embed Frameworks */,
			);
			buildRules = (
			);
			dependencies = (
			);
			fileSystemSynchronizedGroups = (
				45966D102CBAD44C00F841E7 /* Demo iOS */,
			);
			name = "Demo iOS";
			packageProductDependencies = (
			);
			productName = "Demo iOS";
			productReference = 45966D0F2CBAD44C00F841E7 /* Demo iOS.app */;
			productType = "com.apple.product-type.application";
		};
		45F60CFF2CBACAB80073BC12 /* Demo macOS */ = {
			isa = PBXNativeTarget;
			buildConfigurationList = 45F60D0C2CBACAB80073BC12 /* Build configuration list for PBXNativeTarget "Demo macOS" */;
			buildPhases = (
				45F60CFC2CBACAB80073BC12 /* Sources */,
				45F60CFD2CBACAB80073BC12 /* Frameworks */,
				45F60CFE2CBACAB80073BC12 /* Resources */,
				45F60D122CBACB590073BC12 /* Embed Frameworks */,
			);
			buildRules = (
			);
			dependencies = (
			);
			fileSystemSynchronizedGroups = (
				45F60D012CBACAB80073BC12 /* Demo macOS */,
			);
			name = "Demo macOS";
			packageProductDependencies = (
			);
			productName = "Demo macOS";
			productReference = 45F60D002CBACAB80073BC12 /* Demo macOS.app */;
			productType = "com.apple.product-type.application";
		};
		45F78C242CB939C700AD985F /* Demo watchOS */ = {
			isa = PBXNativeTarget;
			buildConfigurationList = 45F78C332CB939C800AD985F /* Build configuration list for PBXNativeTarget "Demo watchOS" */;
			buildPhases = (
				45F78C212CB939C700AD985F /* Sources */,
				45F78C222CB939C700AD985F /* Frameworks */,
				45F78C232CB939C700AD985F /* Resources */,
				45F7914F2CB9465500AD985F /* Embed Frameworks */,
			);
			buildRules = (
			);
			dependencies = (
				45F60CF52CBAC9AD0073BC12 /* PBXTargetDependency */,
			);
			fileSystemSynchronizedGroups = (
				45F78C292CB939C700AD985F /* Demo watchOS */,
			);
			name = "Demo watchOS";
			packageProductDependencies = (
			);
			productName = "Demo watchOS Watch App";
			productReference = 45F78C252CB939C700AD985F /* Demo watchOS.app */;
			productType = "com.apple.product-type.application";
		};
/* End PBXNativeTarget section */

/* Begin PBXProject section */
		452832E72044D28E00458375 /* Project object */ = {
			isa = PBXProject;
			attributes = {
				BuildIndependentTargetsInParallel = YES;
				LastSwiftUpdateCheck = 1600;
				LastUpgradeCheck = 1600;
				ORGANIZATIONNAME = "Fabrizio Duroni";
				TargetAttributes = {
					45966C942CBACF5000F841E7 = {
						CreatedOnToolsVersion = 16.0;
					};
					45966D0E2CBAD44C00F841E7 = {
						CreatedOnToolsVersion = 16.0;
					};
					45F60CFF2CBACAB80073BC12 = {
						CreatedOnToolsVersion = 16.0;
					};
					45F78C242CB939C700AD985F = {
						CreatedOnToolsVersion = 16.0;
					};
				};
			};
			buildConfigurationList = 452832EA2044D28E00458375 /* Build configuration list for PBXProject "Demo" */;
			compatibilityVersion = "Xcode 14.0";
			developmentRegion = en;
			hasScannedForEncodings = 0;
			knownRegions = (
				en,
				Base,
			);
			mainGroup = 452832E62044D28E00458375;
			packageReferences = (
				45F60CF32CBAC9A20073BC12 /* XCRemoteSwiftPackageReference "SwiftLintPlugins" */,
			);
			productRefGroup = 452832F02044D28E00458375 /* Products */;
			projectDirPath = "";
			projectReferences = (
				{
					ProductGroup = 4528335E2044D47B00458375 /* Products */;
					ProjectRef = 4528335D2044D47B00458375 /* ID3TagEditor.xcodeproj */;
				},
			);
			projectRoot = "";
			targets = (
				45966D0E2CBAD44C00F841E7 /* Demo iOS */,
				45F78C242CB939C700AD985F /* Demo watchOS */,
				45F60CFF2CBACAB80073BC12 /* Demo macOS */,
				45966C942CBACF5000F841E7 /* Demo tvOS */,
			);
		};
/* End PBXProject section */

/* Begin PBXReferenceProxy section */
		452833652044D47B00458375 /* ID3TagEditor.framework */ = {
			isa = PBXReferenceProxy;
			fileType = wrapper.framework;
			path = ID3TagEditor.framework;
			remoteRef = 452833642044D47B00458375 /* PBXContainerItemProxy */;
			sourceTree = BUILT_PRODUCTS_DIR;
		};
		452833672044D47B00458375 /* ID3TagEditor macOS Tests.xctest */ = {
			isa = PBXReferenceProxy;
			fileType = wrapper.cfbundle;
			path = "ID3TagEditor macOS Tests.xctest";
			remoteRef = 452833662044D47B00458375 /* PBXContainerItemProxy */;
			sourceTree = BUILT_PRODUCTS_DIR;
		};
		452833692044D47B00458375 /* ID3TagEditor.framework */ = {
			isa = PBXReferenceProxy;
			fileType = wrapper.framework;
			path = ID3TagEditor.framework;
			remoteRef = 452833682044D47B00458375 /* PBXContainerItemProxy */;
			sourceTree = BUILT_PRODUCTS_DIR;
		};
		4528336B2044D47B00458375 /* ID3TagEditor iOS Tests.xctest */ = {
			isa = PBXReferenceProxy;
			fileType = wrapper.cfbundle;
			path = "ID3TagEditor iOS Tests.xctest";
			remoteRef = 4528336A2044D47B00458375 /* PBXContainerItemProxy */;
			sourceTree = BUILT_PRODUCTS_DIR;
		};
		45541BD7205990990025A8BF /* ID3TagEditor.framework */ = {
			isa = PBXReferenceProxy;
			fileType = wrapper.framework;
			path = ID3TagEditor.framework;
			remoteRef = 45541BD6205990990025A8BF /* PBXContainerItemProxy */;
			sourceTree = BUILT_PRODUCTS_DIR;
		};
		45EEC047205A66E900CEF5BF /* ID3TagEditor tvOS Tests.xctest */ = {
			isa = PBXReferenceProxy;
			fileType = wrapper.cfbundle;
			path = "ID3TagEditor tvOS Tests.xctest";
			remoteRef = 45EEC046205A66E900CEF5BF /* PBXContainerItemProxy */;
			sourceTree = BUILT_PRODUCTS_DIR;
		};
		45F834302059061F0046C804 /* ID3TagEditor.framework */ = {
			isa = PBXReferenceProxy;
			fileType = wrapper.framework;
			path = ID3TagEditor.framework;
			remoteRef = 45F8342F2059061F0046C804 /* PBXContainerItemProxy */;
			sourceTree = BUILT_PRODUCTS_DIR;
		};
/* End PBXReferenceProxy section */

/* Begin PBXResourcesBuildPhase section */
		45966C932CBACF5000F841E7 /* Resources */ = {
			isa = PBXResourcesBuildPhase;
			buildActionMask = 2147483647;
			files = (
			);
			runOnlyForDeploymentPostprocessing = 0;
		};
		45966D0D2CBAD44C00F841E7 /* Resources */ = {
			isa = PBXResourcesBuildPhase;
			buildActionMask = 2147483647;
			files = (
			);
			runOnlyForDeploymentPostprocessing = 0;
		};
		45F60CFE2CBACAB80073BC12 /* Resources */ = {
			isa = PBXResourcesBuildPhase;
			buildActionMask = 2147483647;
			files = (
			);
			runOnlyForDeploymentPostprocessing = 0;
		};
		45F78C232CB939C700AD985F /* Resources */ = {
			isa = PBXResourcesBuildPhase;
			buildActionMask = 2147483647;
			files = (
			);
			runOnlyForDeploymentPostprocessing = 0;
		};
/* End PBXResourcesBuildPhase section */

/* Begin PBXSourcesBuildPhase section */
		45966C912CBACF5000F841E7 /* Sources */ = {
			isa = PBXSourcesBuildPhase;
			buildActionMask = 2147483647;
			files = (
			);
			runOnlyForDeploymentPostprocessing = 0;
		};
		45966D0B2CBAD44C00F841E7 /* Sources */ = {
			isa = PBXSourcesBuildPhase;
			buildActionMask = 2147483647;
			files = (
			);
			runOnlyForDeploymentPostprocessing = 0;
		};
		45F60CFC2CBACAB80073BC12 /* Sources */ = {
			isa = PBXSourcesBuildPhase;
			buildActionMask = 2147483647;
			files = (
			);
			runOnlyForDeploymentPostprocessing = 0;
		};
		45F78C212CB939C700AD985F /* Sources */ = {
			isa = PBXSourcesBuildPhase;
			buildActionMask = 2147483647;
			files = (
			);
			runOnlyForDeploymentPostprocessing = 0;
		};
/* End PBXSourcesBuildPhase section */

/* Begin PBXTargetDependency section */
		45F60CF52CBAC9AD0073BC12 /* PBXTargetDependency */ = {
			isa = PBXTargetDependency;
			productRef = 45F60CF42CBAC9AD0073BC12 /* SwiftLintBuildToolPlugin */;
		};
/* End PBXTargetDependency section */

/* Begin XCBuildConfiguration section */
		452832FD2044D28E00458375 /* Debug */ = {
			isa = XCBuildConfiguration;
			buildSettings = {
				ALWAYS_SEARCH_USER_PATHS = NO;
				CLANG_ANALYZER_NONNULL = YES;
				CLANG_ANALYZER_NUMBER_OBJECT_CONVERSION = YES_AGGRESSIVE;
				CLANG_CXX_LANGUAGE_STANDARD = "gnu++14";
				CLANG_CXX_LIBRARY = "libc++";
				CLANG_ENABLE_MODULES = YES;
				CLANG_ENABLE_OBJC_ARC = YES;
				CLANG_WARN_BLOCK_CAPTURE_AUTORELEASING = YES;
				CLANG_WARN_BOOL_CONVERSION = YES;
				CLANG_WARN_COMMA = YES;
				CLANG_WARN_CONSTANT_CONVERSION = YES;
				CLANG_WARN_DEPRECATED_OBJC_IMPLEMENTATIONS = YES;
				CLANG_WARN_DIRECT_OBJC_ISA_USAGE = YES_ERROR;
				CLANG_WARN_DOCUMENTATION_COMMENTS = YES;
				CLANG_WARN_EMPTY_BODY = YES;
				CLANG_WARN_ENUM_CONVERSION = YES;
				CLANG_WARN_INFINITE_RECURSION = YES;
				CLANG_WARN_INT_CONVERSION = YES;
				CLANG_WARN_NON_LITERAL_NULL_CONVERSION = YES;
				CLANG_WARN_OBJC_IMPLICIT_RETAIN_SELF = YES;
				CLANG_WARN_OBJC_LITERAL_CONVERSION = YES;
				CLANG_WARN_OBJC_ROOT_CLASS = YES_ERROR;
				CLANG_WARN_QUOTED_INCLUDE_IN_FRAMEWORK_HEADER = YES;
				CLANG_WARN_RANGE_LOOP_ANALYSIS = YES;
				CLANG_WARN_STRICT_PROTOTYPES = YES;
				CLANG_WARN_SUSPICIOUS_MOVE = YES;
				CLANG_WARN_UNGUARDED_AVAILABILITY = YES_AGGRESSIVE;
				CLANG_WARN_UNREACHABLE_CODE = YES;
				CLANG_WARN__DUPLICATE_METHOD_MATCH = YES;
				CODE_SIGN_IDENTITY = "Mac Developer";
				COPY_PHASE_STRIP = NO;
				DEAD_CODE_STRIPPING = YES;
				DEBUG_INFORMATION_FORMAT = dwarf;
				ENABLE_STRICT_OBJC_MSGSEND = YES;
				ENABLE_TESTABILITY = YES;
				GCC_C_LANGUAGE_STANDARD = gnu11;
				GCC_DYNAMIC_NO_PIC = NO;
				GCC_NO_COMMON_BLOCKS = YES;
				GCC_OPTIMIZATION_LEVEL = 0;
				GCC_PREPROCESSOR_DEFINITIONS = (
					"DEBUG=1",
					"$(inherited)",
				);
				GCC_WARN_64_TO_32_BIT_CONVERSION = YES;
				GCC_WARN_ABOUT_RETURN_TYPE = YES_ERROR;
				GCC_WARN_UNDECLARED_SELECTOR = YES;
				GCC_WARN_UNINITIALIZED_AUTOS = YES_AGGRESSIVE;
				GCC_WARN_UNUSED_FUNCTION = YES;
				GCC_WARN_UNUSED_VARIABLE = YES;
				IPHONEOS_DEPLOYMENT_TARGET = 13.0;
				MACOSX_DEPLOYMENT_TARGET = 10.13;
				MTL_ENABLE_DEBUG_INFO = YES;
				ONLY_ACTIVE_ARCH = YES;
				SDKROOT = macosx;
				SWIFT_ACTIVE_COMPILATION_CONDITIONS = DEBUG;
				SWIFT_OPTIMIZATION_LEVEL = "-Onone";
				SWIFT_STRICT_CONCURRENCY = complete;
			};
			name = Debug;
		};
		452832FE2044D28E00458375 /* Release */ = {
			isa = XCBuildConfiguration;
			buildSettings = {
				ALWAYS_SEARCH_USER_PATHS = NO;
				CLANG_ANALYZER_NONNULL = YES;
				CLANG_ANALYZER_NUMBER_OBJECT_CONVERSION = YES_AGGRESSIVE;
				CLANG_CXX_LANGUAGE_STANDARD = "gnu++14";
				CLANG_CXX_LIBRARY = "libc++";
				CLANG_ENABLE_MODULES = YES;
				CLANG_ENABLE_OBJC_ARC = YES;
				CLANG_WARN_BLOCK_CAPTURE_AUTORELEASING = YES;
				CLANG_WARN_BOOL_CONVERSION = YES;
				CLANG_WARN_COMMA = YES;
				CLANG_WARN_CONSTANT_CONVERSION = YES;
				CLANG_WARN_DEPRECATED_OBJC_IMPLEMENTATIONS = YES;
				CLANG_WARN_DIRECT_OBJC_ISA_USAGE = YES_ERROR;
				CLANG_WARN_DOCUMENTATION_COMMENTS = YES;
				CLANG_WARN_EMPTY_BODY = YES;
				CLANG_WARN_ENUM_CONVERSION = YES;
				CLANG_WARN_INFINITE_RECURSION = YES;
				CLANG_WARN_INT_CONVERSION = YES;
				CLANG_WARN_NON_LITERAL_NULL_CONVERSION = YES;
				CLANG_WARN_OBJC_IMPLICIT_RETAIN_SELF = YES;
				CLANG_WARN_OBJC_LITERAL_CONVERSION = YES;
				CLANG_WARN_OBJC_ROOT_CLASS = YES_ERROR;
				CLANG_WARN_QUOTED_INCLUDE_IN_FRAMEWORK_HEADER = YES;
				CLANG_WARN_RANGE_LOOP_ANALYSIS = YES;
				CLANG_WARN_STRICT_PROTOTYPES = YES;
				CLANG_WARN_SUSPICIOUS_MOVE = YES;
				CLANG_WARN_UNGUARDED_AVAILABILITY = YES_AGGRESSIVE;
				CLANG_WARN_UNREACHABLE_CODE = YES;
				CLANG_WARN__DUPLICATE_METHOD_MATCH = YES;
				CODE_SIGN_IDENTITY = "Mac Developer";
				COPY_PHASE_STRIP = NO;
				DEAD_CODE_STRIPPING = YES;
				DEBUG_INFORMATION_FORMAT = "dwarf-with-dsym";
				ENABLE_NS_ASSERTIONS = NO;
				ENABLE_STRICT_OBJC_MSGSEND = YES;
				GCC_C_LANGUAGE_STANDARD = gnu11;
				GCC_NO_COMMON_BLOCKS = YES;
				GCC_WARN_64_TO_32_BIT_CONVERSION = YES;
				GCC_WARN_ABOUT_RETURN_TYPE = YES_ERROR;
				GCC_WARN_UNDECLARED_SELECTOR = YES;
				GCC_WARN_UNINITIALIZED_AUTOS = YES_AGGRESSIVE;
				GCC_WARN_UNUSED_FUNCTION = YES;
				GCC_WARN_UNUSED_VARIABLE = YES;
				IPHONEOS_DEPLOYMENT_TARGET = 13.0;
				MACOSX_DEPLOYMENT_TARGET = 10.13;
				MTL_ENABLE_DEBUG_INFO = NO;
				SDKROOT = macosx;
				SWIFT_COMPILATION_MODE = wholemodule;
				SWIFT_OPTIMIZATION_LEVEL = "-O";
				SWIFT_STRICT_CONCURRENCY = complete;
			};
			name = Release;
		};
		45966CA12CBACF5100F841E7 /* Debug */ = {
			isa = XCBuildConfiguration;
			buildSettings = {
				ASSETCATALOG_COMPILER_APPICON_NAME = "App Icon & Top Shelf Image";
				ASSETCATALOG_COMPILER_GENERATE_SWIFT_ASSET_SYMBOL_EXTENSIONS = YES;
				ASSETCATALOG_COMPILER_GLOBAL_ACCENT_COLOR_NAME = AccentColor;
				CLANG_CXX_LANGUAGE_STANDARD = "gnu++20";
				CLANG_ENABLE_OBJC_WEAK = YES;
				CODE_SIGN_STYLE = Automatic;
				CURRENT_PROJECT_VERSION = 1;
				DEVELOPMENT_ASSET_PATHS = "\"Demo tvOS/Preview Content\"";
				DEVELOPMENT_TEAM = Y682K92RZU;
				ENABLE_PREVIEWS = YES;
				ENABLE_USER_SCRIPT_SANDBOXING = YES;
				GCC_C_LANGUAGE_STANDARD = gnu17;
				GENERATE_INFOPLIST_FILE = YES;
				INFOPLIST_KEY_UILaunchScreen_Generation = YES;
				INFOPLIST_KEY_UIUserInterfaceStyle = Automatic;
				LD_RUNPATH_SEARCH_PATHS = (
					"$(inherited)",
					"@executable_path/Frameworks",
				);
				LOCALIZATION_PREFERS_STRING_CATALOGS = YES;
				MACOSX_DEPLOYMENT_TARGET = 11.0;
				MARKETING_VERSION = 1.0;
				MTL_ENABLE_DEBUG_INFO = INCLUDE_SOURCE;
				MTL_FAST_MATH = YES;
				PRODUCT_BUNDLE_IDENTIFIER = "it.chicio.Demo-tvOS";
				PRODUCT_NAME = "$(TARGET_NAME)";
				SDKROOT = appletvos;
				SWIFT_ACTIVE_COMPILATION_CONDITIONS = "DEBUG $(inherited)";
				SWIFT_EMIT_LOC_STRINGS = YES;
				SWIFT_VERSION = 5.0;
				TARGETED_DEVICE_FAMILY = 3;
				TVOS_DEPLOYMENT_TARGET = 18.0;
			};
			name = Debug;
		};
		45966CA22CBACF5100F841E7 /* Release */ = {
			isa = XCBuildConfiguration;
			buildSettings = {
				ASSETCATALOG_COMPILER_APPICON_NAME = "App Icon & Top Shelf Image";
				ASSETCATALOG_COMPILER_GENERATE_SWIFT_ASSET_SYMBOL_EXTENSIONS = YES;
				ASSETCATALOG_COMPILER_GLOBAL_ACCENT_COLOR_NAME = AccentColor;
				CLANG_CXX_LANGUAGE_STANDARD = "gnu++20";
				CLANG_ENABLE_OBJC_WEAK = YES;
				CODE_SIGN_STYLE = Automatic;
				CURRENT_PROJECT_VERSION = 1;
				DEVELOPMENT_ASSET_PATHS = "\"Demo tvOS/Preview Content\"";
				DEVELOPMENT_TEAM = Y682K92RZU;
				ENABLE_PREVIEWS = YES;
				ENABLE_USER_SCRIPT_SANDBOXING = YES;
				GCC_C_LANGUAGE_STANDARD = gnu17;
				GENERATE_INFOPLIST_FILE = YES;
				INFOPLIST_KEY_UILaunchScreen_Generation = YES;
				INFOPLIST_KEY_UIUserInterfaceStyle = Automatic;
				LD_RUNPATH_SEARCH_PATHS = (
					"$(inherited)",
					"@executable_path/Frameworks",
				);
				LOCALIZATION_PREFERS_STRING_CATALOGS = YES;
				MACOSX_DEPLOYMENT_TARGET = 11.0;
				MARKETING_VERSION = 1.0;
				MTL_FAST_MATH = YES;
				PRODUCT_BUNDLE_IDENTIFIER = "it.chicio.Demo-tvOS";
				PRODUCT_NAME = "$(TARGET_NAME)";
				SDKROOT = appletvos;
				SWIFT_EMIT_LOC_STRINGS = YES;
				SWIFT_VERSION = 5.0;
				TARGETED_DEVICE_FAMILY = 3;
				TVOS_DEPLOYMENT_TARGET = 18.0;
				VALIDATE_PRODUCT = YES;
			};
			name = Release;
		};
		45966D1B2CBAD44D00F841E7 /* Debug */ = {
			isa = XCBuildConfiguration;
			buildSettings = {
				ASSETCATALOG_COMPILER_APPICON_NAME = AppIcon;
				ASSETCATALOG_COMPILER_GENERATE_SWIFT_ASSET_SYMBOL_EXTENSIONS = YES;
				ASSETCATALOG_COMPILER_GLOBAL_ACCENT_COLOR_NAME = AccentColor;
				CLANG_CXX_LANGUAGE_STANDARD = "gnu++20";
				CLANG_ENABLE_OBJC_WEAK = YES;
				CODE_SIGN_STYLE = Automatic;
				CURRENT_PROJECT_VERSION = 1;
				DEVELOPMENT_ASSET_PATHS = "\"Demo iOS/Preview Content\"";
				DEVELOPMENT_TEAM = Y682K92RZU;
				ENABLE_PREVIEWS = YES;
				ENABLE_USER_SCRIPT_SANDBOXING = YES;
				GCC_C_LANGUAGE_STANDARD = gnu17;
				GENERATE_INFOPLIST_FILE = YES;
				INFOPLIST_KEY_UIApplicationSceneManifest_Generation = YES;
				INFOPLIST_KEY_UIApplicationSupportsIndirectInputEvents = YES;
				INFOPLIST_KEY_UILaunchScreen_Generation = YES;
				INFOPLIST_KEY_UISupportedInterfaceOrientations_iPad = "UIInterfaceOrientationPortrait UIInterfaceOrientationPortraitUpsideDown UIInterfaceOrientationLandscapeLeft UIInterfaceOrientationLandscapeRight";
				INFOPLIST_KEY_UISupportedInterfaceOrientations_iPhone = "UIInterfaceOrientationPortrait UIInterfaceOrientationLandscapeLeft UIInterfaceOrientationLandscapeRight";
				IPHONEOS_DEPLOYMENT_TARGET = 18.0;
				LD_RUNPATH_SEARCH_PATHS = (
					"$(inherited)",
					"@executable_path/Frameworks",
				);
				LOCALIZATION_PREFERS_STRING_CATALOGS = YES;
				MACOSX_DEPLOYMENT_TARGET = 11.0;
				MARKETING_VERSION = 1.0;
				MTL_ENABLE_DEBUG_INFO = INCLUDE_SOURCE;
				MTL_FAST_MATH = YES;
				PRODUCT_BUNDLE_IDENTIFIER = "it.chicio.Demo-iOS";
				PRODUCT_NAME = "$(TARGET_NAME)";
				SDKROOT = iphoneos;
				SWIFT_ACTIVE_COMPILATION_CONDITIONS = "DEBUG $(inherited)";
				SWIFT_EMIT_LOC_STRINGS = YES;
				SWIFT_VERSION = 5.0;
				TARGETED_DEVICE_FAMILY = "1,2";
			};
			name = Debug;
		};
		45966D1C2CBAD44D00F841E7 /* Release */ = {
			isa = XCBuildConfiguration;
			buildSettings = {
				ASSETCATALOG_COMPILER_APPICON_NAME = AppIcon;
				ASSETCATALOG_COMPILER_GENERATE_SWIFT_ASSET_SYMBOL_EXTENSIONS = YES;
				ASSETCATALOG_COMPILER_GLOBAL_ACCENT_COLOR_NAME = AccentColor;
				CLANG_CXX_LANGUAGE_STANDARD = "gnu++20";
				CLANG_ENABLE_OBJC_WEAK = YES;
				CODE_SIGN_STYLE = Automatic;
				CURRENT_PROJECT_VERSION = 1;
				DEVELOPMENT_ASSET_PATHS = "\"Demo iOS/Preview Content\"";
				DEVELOPMENT_TEAM = Y682K92RZU;
				ENABLE_PREVIEWS = YES;
				ENABLE_USER_SCRIPT_SANDBOXING = YES;
				GCC_C_LANGUAGE_STANDARD = gnu17;
				GENERATE_INFOPLIST_FILE = YES;
				INFOPLIST_KEY_UIApplicationSceneManifest_Generation = YES;
				INFOPLIST_KEY_UIApplicationSupportsIndirectInputEvents = YES;
				INFOPLIST_KEY_UILaunchScreen_Generation = YES;
				INFOPLIST_KEY_UISupportedInterfaceOrientations_iPad = "UIInterfaceOrientationPortrait UIInterfaceOrientationPortraitUpsideDown UIInterfaceOrientationLandscapeLeft UIInterfaceOrientationLandscapeRight";
				INFOPLIST_KEY_UISupportedInterfaceOrientations_iPhone = "UIInterfaceOrientationPortrait UIInterfaceOrientationLandscapeLeft UIInterfaceOrientationLandscapeRight";
				IPHONEOS_DEPLOYMENT_TARGET = 18.0;
				LD_RUNPATH_SEARCH_PATHS = (
					"$(inherited)",
					"@executable_path/Frameworks",
				);
				LOCALIZATION_PREFERS_STRING_CATALOGS = YES;
				MACOSX_DEPLOYMENT_TARGET = 11.0;
				MARKETING_VERSION = 1.0;
				MTL_FAST_MATH = YES;
				PRODUCT_BUNDLE_IDENTIFIER = "it.chicio.Demo-iOS";
				PRODUCT_NAME = "$(TARGET_NAME)";
				SDKROOT = iphoneos;
				SWIFT_EMIT_LOC_STRINGS = YES;
				SWIFT_VERSION = 5.0;
				TARGETED_DEVICE_FAMILY = "1,2";
				VALIDATE_PRODUCT = YES;
			};
			name = Release;
		};
		45F60D0D2CBACAB80073BC12 /* Debug */ = {
			isa = XCBuildConfiguration;
			buildSettings = {
				ASSETCATALOG_COMPILER_APPICON_NAME = AppIcon;
				ASSETCATALOG_COMPILER_GENERATE_SWIFT_ASSET_SYMBOL_EXTENSIONS = YES;
				ASSETCATALOG_COMPILER_GLOBAL_ACCENT_COLOR_NAME = AccentColor;
				CLANG_CXX_LANGUAGE_STANDARD = "gnu++20";
				CLANG_ENABLE_OBJC_WEAK = YES;
				CODE_SIGN_ENTITLEMENTS = "Demo macOS/DemoMacOS.entitlements";
				CODE_SIGN_STYLE = Automatic;
				COMBINE_HIDPI_IMAGES = YES;
				CURRENT_PROJECT_VERSION = 1;
				DEAD_CODE_STRIPPING = YES;
				DEVELOPMENT_ASSET_PATHS = "\"Demo macOS/Preview Content\"";
				DEVELOPMENT_TEAM = Y682K92RZU;
				ENABLE_HARDENED_RUNTIME = YES;
				ENABLE_PREVIEWS = YES;
				ENABLE_USER_SCRIPT_SANDBOXING = YES;
				GCC_C_LANGUAGE_STANDARD = gnu17;
				GENERATE_INFOPLIST_FILE = YES;
				INFOPLIST_KEY_NSHumanReadableCopyright = "Copyright © 2024 Fabrizio Duroni. All rights reserved.";
				LD_RUNPATH_SEARCH_PATHS = (
					"$(inherited)",
					"@executable_path/../Frameworks",
				);
				LOCALIZATION_PREFERS_STRING_CATALOGS = YES;
				MACOSX_DEPLOYMENT_TARGET = 14.7;
				MARKETING_VERSION = 1.0;
				MTL_ENABLE_DEBUG_INFO = INCLUDE_SOURCE;
				MTL_FAST_MATH = YES;
				PRODUCT_BUNDLE_IDENTIFIER = "it.chicio.Demo-macOS";
				PRODUCT_NAME = "$(TARGET_NAME)";
				SWIFT_ACTIVE_COMPILATION_CONDITIONS = "DEBUG $(inherited)";
				SWIFT_EMIT_LOC_STRINGS = YES;
				SWIFT_VERSION = 5.0;
			};
			name = Debug;
		};
		45F60D0E2CBACAB80073BC12 /* Release */ = {
			isa = XCBuildConfiguration;
			buildSettings = {
				ASSETCATALOG_COMPILER_APPICON_NAME = AppIcon;
				ASSETCATALOG_COMPILER_GENERATE_SWIFT_ASSET_SYMBOL_EXTENSIONS = YES;
				ASSETCATALOG_COMPILER_GLOBAL_ACCENT_COLOR_NAME = AccentColor;
				CLANG_CXX_LANGUAGE_STANDARD = "gnu++20";
				CLANG_ENABLE_OBJC_WEAK = YES;
				CODE_SIGN_ENTITLEMENTS = "Demo macOS/DemoMacOS.entitlements";
				CODE_SIGN_STYLE = Automatic;
				COMBINE_HIDPI_IMAGES = YES;
				CURRENT_PROJECT_VERSION = 1;
				DEAD_CODE_STRIPPING = YES;
				DEVELOPMENT_ASSET_PATHS = "\"Demo macOS/Preview Content\"";
				DEVELOPMENT_TEAM = Y682K92RZU;
				ENABLE_HARDENED_RUNTIME = YES;
				ENABLE_PREVIEWS = YES;
				ENABLE_USER_SCRIPT_SANDBOXING = YES;
				GCC_C_LANGUAGE_STANDARD = gnu17;
				GENERATE_INFOPLIST_FILE = YES;
				INFOPLIST_KEY_NSHumanReadableCopyright = "Copyright © 2024 Fabrizio Duroni. All rights reserved.";
				LD_RUNPATH_SEARCH_PATHS = (
					"$(inherited)",
					"@executable_path/../Frameworks",
				);
				LOCALIZATION_PREFERS_STRING_CATALOGS = YES;
				MACOSX_DEPLOYMENT_TARGET = 14.7;
				MARKETING_VERSION = 1.0;
				MTL_FAST_MATH = YES;
				PRODUCT_BUNDLE_IDENTIFIER = "it.chicio.Demo-macOS";
				PRODUCT_NAME = "$(TARGET_NAME)";
				SWIFT_EMIT_LOC_STRINGS = YES;
				SWIFT_VERSION = 5.0;
			};
			name = Release;
		};
		45F78C342CB939C800AD985F /* Debug */ = {
			isa = XCBuildConfiguration;
			buildSettings = {
				ASSETCATALOG_COMPILER_APPICON_NAME = AppIcon;
				ASSETCATALOG_COMPILER_GENERATE_SWIFT_ASSET_SYMBOL_EXTENSIONS = YES;
				ASSETCATALOG_COMPILER_GLOBAL_ACCENT_COLOR_NAME = AccentColor;
				CLANG_CXX_LANGUAGE_STANDARD = "gnu++20";
				CLANG_ENABLE_OBJC_WEAK = YES;
				CODE_SIGN_STYLE = Automatic;
				CURRENT_PROJECT_VERSION = 1;
				DEVELOPMENT_ASSET_PATHS = "\"Demo watchOS/Preview Content\"";
				DEVELOPMENT_TEAM = Y682K92RZU;
				ENABLE_PREVIEWS = YES;
				ENABLE_USER_SCRIPT_SANDBOXING = YES;
				GCC_C_LANGUAGE_STANDARD = gnu17;
				GENERATE_INFOPLIST_FILE = YES;
				INFOPLIST_KEY_CFBundleDisplayName = "Demo watchOS";
				INFOPLIST_KEY_UISupportedInterfaceOrientations = "UIInterfaceOrientationPortrait UIInterfaceOrientationPortraitUpsideDown";
				INFOPLIST_KEY_WKWatchOnly = YES;
				LD_RUNPATH_SEARCH_PATHS = (
					"$(inherited)",
					"@executable_path/Frameworks",
				);
				LOCALIZATION_PREFERS_STRING_CATALOGS = YES;
				MACOSX_DEPLOYMENT_TARGET = 11.0;
				MARKETING_VERSION = 1.0;
				MTL_ENABLE_DEBUG_INFO = INCLUDE_SOURCE;
				MTL_FAST_MATH = YES;
				PRODUCT_BUNDLE_IDENTIFIER = "it.chicio.Demo-watchOS";
				PRODUCT_NAME = "$(TARGET_NAME)";
				SDKROOT = watchos;
				SKIP_INSTALL = YES;
				SWIFT_ACTIVE_COMPILATION_CONDITIONS = "DEBUG $(inherited)";
				SWIFT_EMIT_LOC_STRINGS = YES;
				SWIFT_VERSION = 5.0;
				TARGETED_DEVICE_FAMILY = 4;
				WATCHOS_DEPLOYMENT_TARGET = 11.0;
			};
			name = Debug;
		};
		45F78C352CB939C800AD985F /* Release */ = {
			isa = XCBuildConfiguration;
			buildSettings = {
				ASSETCATALOG_COMPILER_APPICON_NAME = AppIcon;
				ASSETCATALOG_COMPILER_GENERATE_SWIFT_ASSET_SYMBOL_EXTENSIONS = YES;
				ASSETCATALOG_COMPILER_GLOBAL_ACCENT_COLOR_NAME = AccentColor;
				CLANG_CXX_LANGUAGE_STANDARD = "gnu++20";
				CLANG_ENABLE_OBJC_WEAK = YES;
				CODE_SIGN_STYLE = Automatic;
				CURRENT_PROJECT_VERSION = 1;
				DEVELOPMENT_ASSET_PATHS = "\"Demo watchOS/Preview Content\"";
				DEVELOPMENT_TEAM = Y682K92RZU;
				ENABLE_PREVIEWS = YES;
				ENABLE_USER_SCRIPT_SANDBOXING = YES;
				GCC_C_LANGUAGE_STANDARD = gnu17;
				GENERATE_INFOPLIST_FILE = YES;
				INFOPLIST_KEY_CFBundleDisplayName = "Demo watchOS";
				INFOPLIST_KEY_UISupportedInterfaceOrientations = "UIInterfaceOrientationPortrait UIInterfaceOrientationPortraitUpsideDown";
				INFOPLIST_KEY_WKWatchOnly = YES;
				LD_RUNPATH_SEARCH_PATHS = (
					"$(inherited)",
					"@executable_path/Frameworks",
				);
				LOCALIZATION_PREFERS_STRING_CATALOGS = YES;
				MACOSX_DEPLOYMENT_TARGET = 11.0;
				MARKETING_VERSION = 1.0;
				MTL_FAST_MATH = YES;
				PRODUCT_BUNDLE_IDENTIFIER = "it.chicio.Demo-watchOS";
				PRODUCT_NAME = "$(TARGET_NAME)";
				SDKROOT = watchos;
				SKIP_INSTALL = YES;
				SWIFT_EMIT_LOC_STRINGS = YES;
				SWIFT_VERSION = 5.0;
				TARGETED_DEVICE_FAMILY = 4;
				VALIDATE_PRODUCT = YES;
				WATCHOS_DEPLOYMENT_TARGET = 11.0;
			};
			name = Release;
		};
/* End XCBuildConfiguration section */

/* Begin XCConfigurationList section */
		452832EA2044D28E00458375 /* Build configuration list for PBXProject "Demo" */ = {
			isa = XCConfigurationList;
			buildConfigurations = (
				452832FD2044D28E00458375 /* Debug */,
				452832FE2044D28E00458375 /* Release */,
			);
			defaultConfigurationIsVisible = 0;
			defaultConfigurationName = Release;
		};
		45966CA02CBACF5100F841E7 /* Build configuration list for PBXNativeTarget "Demo tvOS" */ = {
			isa = XCConfigurationList;
			buildConfigurations = (
				45966CA12CBACF5100F841E7 /* Debug */,
				45966CA22CBACF5100F841E7 /* Release */,
			);
			defaultConfigurationIsVisible = 0;
			defaultConfigurationName = Release;
		};
		45966D1A2CBAD44D00F841E7 /* Build configuration list for PBXNativeTarget "Demo iOS" */ = {
			isa = XCConfigurationList;
			buildConfigurations = (
				45966D1B2CBAD44D00F841E7 /* Debug */,
				45966D1C2CBAD44D00F841E7 /* Release */,
			);
			defaultConfigurationIsVisible = 0;
			defaultConfigurationName = Release;
		};
		45F60D0C2CBACAB80073BC12 /* Build configuration list for PBXNativeTarget "Demo macOS" */ = {
			isa = XCConfigurationList;
			buildConfigurations = (
				45F60D0D2CBACAB80073BC12 /* Debug */,
				45F60D0E2CBACAB80073BC12 /* Release */,
			);
			defaultConfigurationIsVisible = 0;
			defaultConfigurationName = Release;
		};
		45F78C332CB939C800AD985F /* Build configuration list for PBXNativeTarget "Demo watchOS" */ = {
			isa = XCConfigurationList;
			buildConfigurations = (
				45F78C342CB939C800AD985F /* Debug */,
				45F78C352CB939C800AD985F /* Release */,
			);
			defaultConfigurationIsVisible = 0;
			defaultConfigurationName = Release;
		};
/* End XCConfigurationList section */

/* Begin XCRemoteSwiftPackageReference section */
		45F60CF32CBAC9A20073BC12 /* XCRemoteSwiftPackageReference "SwiftLintPlugins" */ = {
			isa = XCRemoteSwiftPackageReference;
			repositoryURL = "https://github.com/SimplyDanny/SwiftLintPlugins";
			requirement = {
				kind = upToNextMajorVersion;
				minimumVersion = 0.57.0;
			};
		};
/* End XCRemoteSwiftPackageReference section */

/* Begin XCSwiftPackageProductDependency section */
		45F60CF42CBAC9AD0073BC12 /* SwiftLintBuildToolPlugin */ = {
			isa = XCSwiftPackageProductDependency;
			package = 45F60CF32CBAC9A20073BC12 /* XCRemoteSwiftPackageReference "SwiftLintPlugins" */;
			productName = "plugin:SwiftLintBuildToolPlugin";
		};
/* End XCSwiftPackageProductDependency section */
	};
	rootObject = 452832E72044D28E00458375 /* Project object */;
}
