// !$*UTF8*$!
{
	archiveVersion = 1;
	classes = {
	};
	objectVersion = 70;
	objects = {

/* Begin PBXBuildFile section */
		452833322044D3E300458375 /* ViewController.swift in Sources */ = {isa = PBXBuildFile; fileRef = 4528332B2044D3E300458375 /* ViewController.swift */; };
		452833332044D3E300458375 /* Assets.xcassets in Resources */ = {isa = PBXBuildFile; fileRef = 4528332D2044D3E300458375 /* Assets.xcassets */; };
		452833342044D3E300458375 /* Main.storyboard in Resources */ = {isa = PBXBuildFile; fileRef = 4528332E2044D3E300458375 /* Main.storyboard */; };
		452833352044D3E300458375 /* AppDelegate.swift in Sources */ = {isa = PBXBuildFile; fileRef = 452833302044D3E300458375 /* AppDelegate.swift */; };
		4528334F2044D41300458375 /* ViewController.swift in Sources */ = {isa = PBXBuildFile; fileRef = 4528334E2044D41300458375 /* ViewController.swift */; };
		452833522044D41300458375 /* Main.storyboard in Resources */ = {isa = PBXBuildFile; fileRef = 452833502044D41300458375 /* Main.storyboard */; };
		452833542044D41300458375 /* Assets.xcassets in Resources */ = {isa = PBXBuildFile; fileRef = 452833532044D41300458375 /* Assets.xcassets */; };
		452833572044D41300458375 /* LaunchScreen.storyboard in Resources */ = {isa = PBXBuildFile; fileRef = 452833552044D41300458375 /* LaunchScreen.storyboard */; };
		452833732044D5DD00458375 /* ID3TagEditor.framework in Frameworks */ = {isa = PBXBuildFile; fileRef = 452833652044D47B00458375 /* ID3TagEditor.framework */; };
		452833742044D5DD00458375 /* ID3TagEditor.framework in Embed Frameworks */ = {isa = PBXBuildFile; fileRef = 452833652044D47B00458375 /* ID3TagEditor.framework */; settings = {ATTRIBUTES = (CodeSignOnCopy, RemoveHeadersOnCopy, ); }; };
		452833832044D76500458375 /* example.mp3 in Resources */ = {isa = PBXBuildFile; fileRef = 4528337F2044D76500458375 /* example.mp3 */; };
		452833862044D7F400458375 /* ID3TagEditor.framework in Frameworks */ = {isa = PBXBuildFile; fileRef = 452833692044D47B00458375 /* ID3TagEditor.framework */; };
		452833872044D7F400458375 /* ID3TagEditor.framework in Embed Frameworks */ = {isa = PBXBuildFile; fileRef = 452833692044D47B00458375 /* ID3TagEditor.framework */; settings = {ATTRIBUTES = (CodeSignOnCopy, RemoveHeadersOnCopy, ); }; };
		45541BCA205990990025A8BF /* ViewController.swift in Sources */ = {isa = PBXBuildFile; fileRef = 45541BC9205990990025A8BF /* ViewController.swift */; };
		45541BCD205990990025A8BF /* Main.storyboard in Resources */ = {isa = PBXBuildFile; fileRef = 45541BCB205990990025A8BF /* Main.storyboard */; };
		45541BCF205990990025A8BF /* Assets.xcassets in Resources */ = {isa = PBXBuildFile; fileRef = 45541BCE205990990025A8BF /* Assets.xcassets */; };
		45541BD9205991260025A8BF /* ID3TagEditor.framework in Frameworks */ = {isa = PBXBuildFile; fileRef = 45541BD7205990990025A8BF /* ID3TagEditor.framework */; };
		45541BDA205991260025A8BF /* ID3TagEditor.framework in Embed Frameworks */ = {isa = PBXBuildFile; fileRef = 45541BD7205990990025A8BF /* ID3TagEditor.framework */; settings = {ATTRIBUTES = (CodeSignOnCopy, RemoveHeadersOnCopy, ); }; };
		45541BDE205992420025A8BF /* PathLoader.swift in Sources */ = {isa = PBXBuildFile; fileRef = 45AF185E204C226C00343B25 /* PathLoader.swift */; };
		45541BE0205994AB0025A8BF /* example.mp3 in Resources */ = {isa = PBXBuildFile; fileRef = 45541BDF205994AA0025A8BF /* example.mp3 */; };
		458BED24209272E5003C2E14 /* example.mp3 in Resources */ = {isa = PBXBuildFile; fileRef = 458BED20209272E4003C2E14 /* example.mp3 */; };
		45AF185F204C226C00343B25 /* PathLoader.swift in Sources */ = {isa = PBXBuildFile; fileRef = 45AF185E204C226C00343B25 /* PathLoader.swift */; };
		45AF1860204C226C00343B25 /* PathLoader.swift in Sources */ = {isa = PBXBuildFile; fileRef = 45AF185E204C226C00343B25 /* PathLoader.swift */; };
		45EEC048205A66E900CEF5BF /* AppDelegate.swift in Sources */ = {isa = PBXBuildFile; fileRef = 45EEC042205A66E900CEF5BF /* AppDelegate.swift */; };
		45EEC049205A66E900CEF5BF /* AppDelegate.swift in Sources */ = {isa = PBXBuildFile; fileRef = 45EEC042205A66E900CEF5BF /* AppDelegate.swift */; };
		45F78C3A2CB93B8500AD985F /* PathLoader.swift in Sources */ = {isa = PBXBuildFile; fileRef = 45AF185E204C226C00343B25 /* PathLoader.swift */; };
/* End PBXBuildFile section */

/* Begin PBXContainerItemProxy section */
		452833642044D47B00458375 /* PBXContainerItemProxy */ = {
			isa = PBXContainerItemProxy;
			containerPortal = 4528335D2044D47B00458375 /* ID3TagEditor.xcodeproj */;
			proxyType = 2;
			remoteGlobalIDString = 452831C52044C40700458375;
			remoteInfo = "ID3TagEditor macOS";
		};
		452833662044D47B00458375 /* PBXContainerItemProxy */ = {
			isa = PBXContainerItemProxy;
			containerPortal = 4528335D2044D47B00458375 /* ID3TagEditor.xcodeproj */;
			proxyType = 2;
			remoteGlobalIDString = 452831CE2044C40700458375;
			remoteInfo = "ID3TagEditor macOS Tests";
		};
		452833682044D47B00458375 /* PBXContainerItemProxy */ = {
			isa = PBXContainerItemProxy;
			containerPortal = 4528335D2044D47B00458375 /* ID3TagEditor.xcodeproj */;
			proxyType = 2;
			remoteGlobalIDString = 452831E52044C4F500458375;
			remoteInfo = "ID3TagEditor iOS";
		};
		4528336A2044D47B00458375 /* PBXContainerItemProxy */ = {
			isa = PBXContainerItemProxy;
			containerPortal = 4528335D2044D47B00458375 /* ID3TagEditor.xcodeproj */;
			proxyType = 2;
			remoteGlobalIDString = 452831ED2044C4F500458375;
			remoteInfo = "ID3TagEditor iOS Tests";
		};
		452833752044D5DD00458375 /* PBXContainerItemProxy */ = {
			isa = PBXContainerItemProxy;
			containerPortal = 4528335D2044D47B00458375 /* ID3TagEditor.xcodeproj */;
			proxyType = 1;
			remoteGlobalIDString = 452831C42044C40700458375;
			remoteInfo = "ID3TagEditor macOS";
		};
		452833882044D7F400458375 /* PBXContainerItemProxy */ = {
			isa = PBXContainerItemProxy;
			containerPortal = 4528335D2044D47B00458375 /* ID3TagEditor.xcodeproj */;
			proxyType = 1;
			remoteGlobalIDString = 452831E42044C4F500458375;
			remoteInfo = "ID3TagEditor iOS";
		};
		45541BD6205990990025A8BF /* PBXContainerItemProxy */ = {
			isa = PBXContainerItemProxy;
			containerPortal = 4528335D2044D47B00458375 /* ID3TagEditor.xcodeproj */;
			proxyType = 2;
			remoteGlobalIDString = 45541B7720598F6C0025A8BF;
			remoteInfo = "ID3TagEditor tvOS";
		};
		45541BDB205991260025A8BF /* PBXContainerItemProxy */ = {
			isa = PBXContainerItemProxy;
			containerPortal = 4528335D2044D47B00458375 /* ID3TagEditor.xcodeproj */;
			proxyType = 1;
			remoteGlobalIDString = 45541B7620598F6C0025A8BF;
			remoteInfo = "ID3TagEditor tvOS";
		};
		45EEC046205A66E900CEF5BF /* PBXContainerItemProxy */ = {
			isa = PBXContainerItemProxy;
			containerPortal = 4528335D2044D47B00458375 /* ID3TagEditor.xcodeproj */;
			proxyType = 2;
			remoteGlobalIDString = 45541BE52059954C0025A8BF;
			remoteInfo = "ID3TagEditor tvOS Tests";
		};
		45F8342F2059061F0046C804 /* PBXContainerItemProxy */ = {
			isa = PBXContainerItemProxy;
			containerPortal = 4528335D2044D47B00458375 /* ID3TagEditor.xcodeproj */;
			proxyType = 2;
			remoteGlobalIDString = 45F833E3205904680046C804;
			remoteInfo = "ID3TagEditor watchOS";
		};
/* End PBXContainerItemProxy section */

/* Begin PBXCopyFilesBuildPhase section */
		452833772044D5DD00458375 /* Embed Frameworks */ = {
			isa = PBXCopyFilesBuildPhase;
			buildActionMask = 2147483647;
			dstPath = "";
			dstSubfolderSpec = 10;
			files = (
				452833742044D5DD00458375 /* ID3TagEditor.framework in Embed Frameworks */,
			);
			name = "Embed Frameworks";
			runOnlyForDeploymentPostprocessing = 0;
		};
		4528338A2044D7F400458375 /* Embed Frameworks */ = {
			isa = PBXCopyFilesBuildPhase;
			buildActionMask = 2147483647;
			dstPath = "";
			dstSubfolderSpec = 10;
			files = (
				452833872044D7F400458375 /* ID3TagEditor.framework in Embed Frameworks */,
			);
			name = "Embed Frameworks";
			runOnlyForDeploymentPostprocessing = 0;
		};
		45541BDD205991270025A8BF /* Embed Frameworks */ = {
			isa = PBXCopyFilesBuildPhase;
			buildActionMask = 2147483647;
			dstPath = "";
			dstSubfolderSpec = 10;
			files = (
				45541BDA205991260025A8BF /* ID3TagEditor.framework in Embed Frameworks */,
			);
			name = "Embed Frameworks";
			runOnlyForDeploymentPostprocessing = 0;
		};
		45F834562059078B0046C804 /* Embed Watch Content */ = {
			isa = PBXCopyFilesBuildPhase;
			buildActionMask = 2147483647;
			dstPath = "$(CONTENTS_FOLDER_PATH)/Watch";
			dstSubfolderSpec = 16;
			files = (
			);
			name = "Embed Watch Content";
			runOnlyForDeploymentPostprocessing = 0;
		};
/* End PBXCopyFilesBuildPhase section */

/* Begin PBXFileReference section */
		452832EF2044D28E00458375 /* Demo macOS.app */ = {isa = PBXFileReference; explicitFileType = wrapper.application; includeInIndex = 0; path = "Demo macOS.app"; sourceTree = BUILT_PRODUCTS_DIR; };
		4528332B2044D3E300458375 /* ViewController.swift */ = {isa = PBXFileReference; fileEncoding = 4; lastKnownFileType = sourcecode.swift; path = ViewController.swift; sourceTree = "<group>"; };
		4528332C2044D3E300458375 /* Demo.entitlements */ = {isa = PBXFileReference; fileEncoding = 4; lastKnownFileType = text.plist.entitlements; path = Demo.entitlements; sourceTree = "<group>"; };
		4528332D2044D3E300458375 /* Assets.xcassets */ = {isa = PBXFileReference; lastKnownFileType = folder.assetcatalog; path = Assets.xcassets; sourceTree = "<group>"; };
		4528332F2044D3E300458375 /* Base */ = {isa = PBXFileReference; lastKnownFileType = file.storyboard; name = Base; path = Base.lproj/Main.storyboard; sourceTree = "<group>"; };
		452833302044D3E300458375 /* AppDelegate.swift */ = {isa = PBXFileReference; fileEncoding = 4; lastKnownFileType = sourcecode.swift; path = AppDelegate.swift; sourceTree = "<group>"; };
		452833312044D3E300458375 /* Info.plist */ = {isa = PBXFileReference; fileEncoding = 4; lastKnownFileType = text.plist.xml; path = Info.plist; sourceTree = "<group>"; };
		4528334A2044D41300458375 /* Demo iOS.app */ = {isa = PBXFileReference; explicitFileType = wrapper.application; includeInIndex = 0; path = "Demo iOS.app"; sourceTree = BUILT_PRODUCTS_DIR; };
		4528334E2044D41300458375 /* ViewController.swift */ = {isa = PBXFileReference; lastKnownFileType = sourcecode.swift; path = ViewController.swift; sourceTree = "<group>"; };
		452833512044D41300458375 /* Base */ = {isa = PBXFileReference; lastKnownFileType = file.storyboard; name = Base; path = Base.lproj/Main.storyboard; sourceTree = "<group>"; };
		452833532044D41300458375 /* Assets.xcassets */ = {isa = PBXFileReference; lastKnownFileType = folder.assetcatalog; path = Assets.xcassets; sourceTree = "<group>"; };
		452833562044D41300458375 /* Base */ = {isa = PBXFileReference; lastKnownFileType = file.storyboard; name = Base; path = Base.lproj/LaunchScreen.storyboard; sourceTree = "<group>"; };
		452833582044D41300458375 /* Info.plist */ = {isa = PBXFileReference; lastKnownFileType = text.plist.xml; path = Info.plist; sourceTree = "<group>"; };
		4528335D2044D47B00458375 /* ID3TagEditor.xcodeproj */ = {isa = PBXFileReference; lastKnownFileType = "wrapper.pb-project"; name = ID3TagEditor.xcodeproj; path = ../ID3TagEditor.xcodeproj; sourceTree = "<group>"; };
		4528337F2044D76500458375 /* example.mp3 */ = {isa = PBXFileReference; lastKnownFileType = audio.mp3; path = example.mp3; sourceTree = "<group>"; };
		45541BC5205990990025A8BF /* Demo tvOS.app */ = {isa = PBXFileReference; explicitFileType = wrapper.application; includeInIndex = 0; path = "Demo tvOS.app"; sourceTree = BUILT_PRODUCTS_DIR; };
		45541BC9205990990025A8BF /* ViewController.swift */ = {isa = PBXFileReference; lastKnownFileType = sourcecode.swift; path = ViewController.swift; sourceTree = "<group>"; };
		45541BCC205990990025A8BF /* Base */ = {isa = PBXFileReference; lastKnownFileType = file.storyboard; name = Base; path = Base.lproj/Main.storyboard; sourceTree = "<group>"; };
		45541BCE205990990025A8BF /* Assets.xcassets */ = {isa = PBXFileReference; lastKnownFileType = folder.assetcatalog; path = Assets.xcassets; sourceTree = "<group>"; };
		45541BD0205990990025A8BF /* Info.plist */ = {isa = PBXFileReference; lastKnownFileType = text.plist.xml; path = Info.plist; sourceTree = "<group>"; };
		45541BDF205994AA0025A8BF /* example.mp3 */ = {isa = PBXFileReference; lastKnownFileType = audio.mp3; path = example.mp3; sourceTree = "<group>"; };
		45751DAC2193CDB100627A34 /* .gitignore */ = {isa = PBXFileReference; lastKnownFileType = text; path = .gitignore; sourceTree = "<group>"; };
		45751DAD2193CDB100627A34 /* Package.swift */ = {isa = PBXFileReference; lastKnownFileType = sourcecode.swift; path = Package.swift; sourceTree = "<group>"; };
		45751DB02193CDB100627A34 /* example-v3-additional-data.mp3 */ = {isa = PBXFileReference; lastKnownFileType = audio.mp3; path = "example-v3-additional-data.mp3"; sourceTree = "<group>"; };
		45751DB12193CDB100627A34 /* main.swift */ = {isa = PBXFileReference; lastKnownFileType = sourcecode.swift; path = main.swift; sourceTree = "<group>"; };
		458BED20209272E4003C2E14 /* example.mp3 */ = {isa = PBXFileReference; lastKnownFileType = audio.mp3; path = example.mp3; sourceTree = "<group>"; };
		45AF185E204C226C00343B25 /* PathLoader.swift */ = {isa = PBXFileReference; lastKnownFileType = sourcecode.swift; path = PathLoader.swift; sourceTree = "<group>"; };
		45EEC042205A66E900CEF5BF /* AppDelegate.swift */ = {isa = PBXFileReference; fileEncoding = 4; lastKnownFileType = sourcecode.swift; path = AppDelegate.swift; sourceTree = "<group>"; };
		45F78C252CB939C700AD985F /* Demo watchOS Watch App.app */ = {isa = PBXFileReference; explicitFileType = wrapper.application; includeInIndex = 0; path = "Demo watchOS Watch App.app"; sourceTree = BUILT_PRODUCTS_DIR; };
/* End PBXFileReference section */

/* Begin PBXFileSystemSynchronizedRootGroup section */
		45F78C292CB939C700AD985F /* Demo watchOS */ = {isa = PBXFileSystemSynchronizedRootGroup; explicitFileTypes = {}; explicitFolders = (); path = "Demo watchOS"; sourceTree = "<group>"; };
/* End PBXFileSystemSynchronizedRootGroup section */

/* Begin PBXFrameworksBuildPhase section */
		452832EC2044D28E00458375 /* Frameworks */ = {
			isa = PBXFrameworksBuildPhase;
			buildActionMask = 2147483647;
			files = (
				452833732044D5DD00458375 /* ID3TagEditor.framework in Frameworks */,
			);
			runOnlyForDeploymentPostprocessing = 0;
		};
		452833472044D41300458375 /* Frameworks */ = {
			isa = PBXFrameworksBuildPhase;
			buildActionMask = 2147483647;
			files = (
				452833862044D7F400458375 /* ID3TagEditor.framework in Frameworks */,
			);
			runOnlyForDeploymentPostprocessing = 0;
		};
		45541BC2205990990025A8BF /* Frameworks */ = {
			isa = PBXFrameworksBuildPhase;
			buildActionMask = 2147483647;
			files = (
				45541BD9205991260025A8BF /* ID3TagEditor.framework in Frameworks */,
			);
			runOnlyForDeploymentPostprocessing = 0;
		};
		45F78C222CB939C700AD985F /* Frameworks */ = {
			isa = PBXFrameworksBuildPhase;
			buildActionMask = 2147483647;
			files = (
			);
			runOnlyForDeploymentPostprocessing = 0;
		};
/* End PBXFrameworksBuildPhase section */

/* Begin PBXGroup section */
		452832E62044D28E00458375 = {
			isa = PBXGroup;
			children = (
				4528335D2044D47B00458375 /* ID3TagEditor.xcodeproj */,
				4528332A2044D3E300458375 /* Demo macOS */,
				4528334B2044D41300458375 /* Demo iOS */,
				45AF185B204C224600343B25 /* Demo common */,
				45541BC6205990990025A8BF /* Demo tvOS */,
				457517C82193CDAF00627A34 /* Demo Ubuntu */,
				45F78C292CB939C700AD985F /* Demo watchOS */,
				452832F02044D28E00458375 /* Products */,
			);
			sourceTree = "<group>";
		};
		452832F02044D28E00458375 /* Products */ = {
			isa = PBXGroup;
			children = (
				452832EF2044D28E00458375 /* Demo macOS.app */,
				4528334A2044D41300458375 /* Demo iOS.app */,
				45541BC5205990990025A8BF /* Demo tvOS.app */,
				45F78C252CB939C700AD985F /* Demo watchOS Watch App.app */,
			);
			name = Products;
			sourceTree = "<group>";
		};
		4528332A2044D3E300458375 /* Demo macOS */ = {
			isa = PBXGroup;
			children = (
				4528337F2044D76500458375 /* example.mp3 */,
				4528332B2044D3E300458375 /* ViewController.swift */,
				4528332C2044D3E300458375 /* Demo.entitlements */,
				4528332D2044D3E300458375 /* Assets.xcassets */,
				4528332E2044D3E300458375 /* Main.storyboard */,
				452833302044D3E300458375 /* AppDelegate.swift */,
				452833312044D3E300458375 /* Info.plist */,
			);
			path = "Demo macOS";
			sourceTree = "<group>";
		};
		4528334B2044D41300458375 /* Demo iOS */ = {
			isa = PBXGroup;
			children = (
				458BED20209272E4003C2E14 /* example.mp3 */,
				4528334E2044D41300458375 /* ViewController.swift */,
				452833502044D41300458375 /* Main.storyboard */,
				452833532044D41300458375 /* Assets.xcassets */,
				452833552044D41300458375 /* LaunchScreen.storyboard */,
				452833582044D41300458375 /* Info.plist */,
			);
			path = "Demo iOS";
			sourceTree = "<group>";
		};
		4528335E2044D47B00458375 /* Products */ = {
			isa = PBXGroup;
			children = (
				452833652044D47B00458375 /* ID3TagEditor.framework */,
				452833672044D47B00458375 /* ID3TagEditor macOS Tests.xctest */,
				452833692044D47B00458375 /* ID3TagEditor.framework */,
				4528336B2044D47B00458375 /* ID3TagEditor iOS Tests.xctest */,
				45541BD7205990990025A8BF /* ID3TagEditor.framework */,
				45EEC047205A66E900CEF5BF /* ID3TagEditor tvOS Tests.xctest */,
				45F834302059061F0046C804 /* ID3TagEditor.framework */,
			);
			name = Products;
			sourceTree = "<group>";
		};
		45541BC6205990990025A8BF /* Demo tvOS */ = {
			isa = PBXGroup;
			children = (
				45541BDF205994AA0025A8BF /* example.mp3 */,
				45541BC9205990990025A8BF /* ViewController.swift */,
				45541BCB205990990025A8BF /* Main.storyboard */,
				45541BCE205990990025A8BF /* Assets.xcassets */,
				45541BD0205990990025A8BF /* Info.plist */,
			);
			path = "Demo tvOS";
			sourceTree = "<group>";
		};
		457517C82193CDAF00627A34 /* Demo Ubuntu */ = {
			isa = PBXGroup;
			children = (
				45751DAC2193CDB100627A34 /* .gitignore */,
				45751DAD2193CDB100627A34 /* Package.swift */,
				45751DAE2193CDB100627A34 /* Sources */,
			);
			path = "Demo Ubuntu";
			sourceTree = "<group>";
		};
		45751DAE2193CDB100627A34 /* Sources */ = {
			isa = PBXGroup;
			children = (
				45751DAF2193CDB100627A34 /* Demo Ubuntu */,
			);
			path = Sources;
			sourceTree = "<group>";
		};
		45751DAF2193CDB100627A34 /* Demo Ubuntu */ = {
			isa = PBXGroup;
			children = (
				45751DB02193CDB100627A34 /* example-v3-additional-data.mp3 */,
				45751DB12193CDB100627A34 /* main.swift */,
			);
			path = "Demo Ubuntu";
			sourceTree = "<group>";
		};
		45AF185B204C224600343B25 /* Demo common */ = {
			isa = PBXGroup;
			children = (
				45EEC042205A66E900CEF5BF /* AppDelegate.swift */,
				45AF185E204C226C00343B25 /* PathLoader.swift */,
			);
			path = "Demo common";
			sourceTree = "<group>";
		};
/* End PBXGroup section */

/* Begin PBXNativeTarget section */
		452832EE2044D28E00458375 /* Demo macOS */ = {
			isa = PBXNativeTarget;
			buildConfigurationList = 452832FF2044D28E00458375 /* Build configuration list for PBXNativeTarget "Demo macOS" */;
			buildPhases = (
				452832EB2044D28E00458375 /* Sources */,
				452832EC2044D28E00458375 /* Frameworks */,
				452832ED2044D28E00458375 /* Resources */,
				452833772044D5DD00458375 /* Embed Frameworks */,
			);
			buildRules = (
			);
			dependencies = (
				452833762044D5DD00458375 /* PBXTargetDependency */,
			);
			name = "Demo macOS";
			productName = Demo;
			productReference = 452832EF2044D28E00458375 /* Demo macOS.app */;
			productType = "com.apple.product-type.application";
		};
		452833492044D41300458375 /* Demo iOS */ = {
			isa = PBXNativeTarget;
			buildConfigurationList = 452833592044D41300458375 /* Build configuration list for PBXNativeTarget "Demo iOS" */;
			buildPhases = (
				452833462044D41300458375 /* Sources */,
				452833472044D41300458375 /* Frameworks */,
				452833482044D41300458375 /* Resources */,
				4528338A2044D7F400458375 /* Embed Frameworks */,
				45F834562059078B0046C804 /* Embed Watch Content */,
			);
			buildRules = (
			);
			dependencies = (
				452833892044D7F400458375 /* PBXTargetDependency */,
			);
			name = "Demo iOS";
			productName = "Demo iOS";
			productReference = 4528334A2044D41300458375 /* Demo iOS.app */;
			productType = "com.apple.product-type.application";
		};
		45541BC4205990990025A8BF /* Demo tvOS */ = {
			isa = PBXNativeTarget;
			buildConfigurationList = 45541BD8205990990025A8BF /* Build configuration list for PBXNativeTarget "Demo tvOS" */;
			buildPhases = (
				45541BC1205990990025A8BF /* Sources */,
				45541BC2205990990025A8BF /* Frameworks */,
				45541BC3205990990025A8BF /* Resources */,
				45541BDD205991270025A8BF /* Embed Frameworks */,
			);
			buildRules = (
			);
			dependencies = (
				45541BDC205991260025A8BF /* PBXTargetDependency */,
			);
			name = "Demo tvOS";
			productName = "Demo tvOS";
			productReference = 45541BC5205990990025A8BF /* Demo tvOS.app */;
			productType = "com.apple.product-type.application";
		};
		45F78C242CB939C700AD985F /* Demo watchOS Watch App */ = {
			isa = PBXNativeTarget;
			buildConfigurationList = 45F78C332CB939C800AD985F /* Build configuration list for PBXNativeTarget "Demo watchOS Watch App" */;
			buildPhases = (
				45F78C212CB939C700AD985F /* Sources */,
				45F78C222CB939C700AD985F /* Frameworks */,
				45F78C232CB939C700AD985F /* Resources */,
			);
			buildRules = (
			);
			dependencies = (
			);
			fileSystemSynchronizedGroups = (
				45F78C292CB939C700AD985F /* Demo watchOS */,
			);
			name = "Demo watchOS Watch App";
			packageProductDependencies = (
			);
			productName = "Demo watchOS Watch App";
			productReference = 45F78C252CB939C700AD985F /* Demo watchOS Watch App.app */;
			productType = "com.apple.product-type.application";
		};
/* End PBXNativeTarget section */

/* Begin PBXProject section */
		452832E72044D28E00458375 /* Project object */ = {
			isa = PBXProject;
			attributes = {
				LastSwiftUpdateCheck = 1600;
				LastUpgradeCheck = 1200;
				ORGANIZATIONNAME = "Fabrizio Duroni";
				TargetAttributes = {
					452832EE2044D28E00458375 = {
						CreatedOnToolsVersion = 9.2;
						LastSwiftMigration = 1100;
						ProvisioningStyle = Automatic;
					};
					452833492044D41300458375 = {
						CreatedOnToolsVersion = 9.2;
						LastSwiftMigration = 1100;
						ProvisioningStyle = Automatic;
					};
					45541BC4205990990025A8BF = {
						CreatedOnToolsVersion = 9.2;
						LastSwiftMigration = 1100;
						ProvisioningStyle = Automatic;
					};
					45F78C242CB939C700AD985F = {
						CreatedOnToolsVersion = 16.0;
					};
				};
			};
			buildConfigurationList = 452832EA2044D28E00458375 /* Build configuration list for PBXProject "Demo" */;
			compatibilityVersion = "Xcode 8.0";
			developmentRegion = en;
			hasScannedForEncodings = 0;
			knownRegions = (
				en,
				Base,
			);
			mainGroup = 452832E62044D28E00458375;
			productRefGroup = 452832F02044D28E00458375 /* Products */;
			projectDirPath = "";
			projectReferences = (
				{
					ProductGroup = 4528335E2044D47B00458375 /* Products */;
					ProjectRef = 4528335D2044D47B00458375 /* ID3TagEditor.xcodeproj */;
				},
			);
			projectRoot = "";
			targets = (
				452832EE2044D28E00458375 /* Demo macOS */,
				452833492044D41300458375 /* Demo iOS */,
				45541BC4205990990025A8BF /* Demo tvOS */,
				45F78C242CB939C700AD985F /* Demo watchOS Watch App */,
			);
		};
/* End PBXProject section */

/* Begin PBXReferenceProxy section */
		452833652044D47B00458375 /* ID3TagEditor.framework */ = {
			isa = PBXReferenceProxy;
			fileType = wrapper.framework;
			path = ID3TagEditor.framework;
			remoteRef = 452833642044D47B00458375 /* PBXContainerItemProxy */;
			sourceTree = BUILT_PRODUCTS_DIR;
		};
		452833672044D47B00458375 /* ID3TagEditor macOS Tests.xctest */ = {
			isa = PBXReferenceProxy;
			fileType = wrapper.cfbundle;
			path = "ID3TagEditor macOS Tests.xctest";
			remoteRef = 452833662044D47B00458375 /* PBXContainerItemProxy */;
			sourceTree = BUILT_PRODUCTS_DIR;
		};
		452833692044D47B00458375 /* ID3TagEditor.framework */ = {
			isa = PBXReferenceProxy;
			fileType = wrapper.framework;
			path = ID3TagEditor.framework;
			remoteRef = 452833682044D47B00458375 /* PBXContainerItemProxy */;
			sourceTree = BUILT_PRODUCTS_DIR;
		};
		4528336B2044D47B00458375 /* ID3TagEditor iOS Tests.xctest */ = {
			isa = PBXReferenceProxy;
			fileType = wrapper.cfbundle;
			path = "ID3TagEditor iOS Tests.xctest";
			remoteRef = 4528336A2044D47B00458375 /* PBXContainerItemProxy */;
			sourceTree = BUILT_PRODUCTS_DIR;
		};
		45541BD7205990990025A8BF /* ID3TagEditor.framework */ = {
			isa = PBXReferenceProxy;
			fileType = wrapper.framework;
			path = ID3TagEditor.framework;
			remoteRef = 45541BD6205990990025A8BF /* PBXContainerItemProxy */;
			sourceTree = BUILT_PRODUCTS_DIR;
		};
		45EEC047205A66E900CEF5BF /* ID3TagEditor tvOS Tests.xctest */ = {
			isa = PBXReferenceProxy;
			fileType = wrapper.cfbundle;
			path = "ID3TagEditor tvOS Tests.xctest";
			remoteRef = 45EEC046205A66E900CEF5BF /* PBXContainerItemProxy */;
			sourceTree = BUILT_PRODUCTS_DIR;
		};
		45F834302059061F0046C804 /* ID3TagEditor.framework */ = {
			isa = PBXReferenceProxy;
			fileType = wrapper.framework;
			path = ID3TagEditor.framework;
			remoteRef = 45F8342F2059061F0046C804 /* PBXContainerItemProxy */;
			sourceTree = BUILT_PRODUCTS_DIR;
		};
/* End PBXReferenceProxy section */

/* Begin PBXResourcesBuildPhase section */
		452832ED2044D28E00458375 /* Resources */ = {
			isa = PBXResourcesBuildPhase;
			buildActionMask = 2147483647;
			files = (
				452833332044D3E300458375 /* Assets.xcassets in Resources */,
				452833832044D76500458375 /* example.mp3 in Resources */,
				452833342044D3E300458375 /* Main.storyboard in Resources */,
			);
			runOnlyForDeploymentPostprocessing = 0;
		};
		452833482044D41300458375 /* Resources */ = {
			isa = PBXResourcesBuildPhase;
			buildActionMask = 2147483647;
			files = (
				452833572044D41300458375 /* LaunchScreen.storyboard in Resources */,
				458BED24209272E5003C2E14 /* example.mp3 in Resources */,
				452833542044D41300458375 /* Assets.xcassets in Resources */,
				452833522044D41300458375 /* Main.storyboard in Resources */,
			);
			runOnlyForDeploymentPostprocessing = 0;
		};
		45541BC3205990990025A8BF /* Resources */ = {
			isa = PBXResourcesBuildPhase;
			buildActionMask = 2147483647;
			files = (
				45541BE0205994AB0025A8BF /* example.mp3 in Resources */,
				45541BCF205990990025A8BF /* Assets.xcassets in Resources */,
				45541BCD205990990025A8BF /* Main.storyboard in Resources */,
			);
			runOnlyForDeploymentPostprocessing = 0;
		};
		45F78C232CB939C700AD985F /* Resources */ = {
			isa = PBXResourcesBuildPhase;
			buildActionMask = 2147483647;
			files = (
			);
			runOnlyForDeploymentPostprocessing = 0;
		};
/* End PBXResourcesBuildPhase section */

/* Begin PBXSourcesBuildPhase section */
		452832EB2044D28E00458375 /* Sources */ = {
			isa = PBXSourcesBuildPhase;
			buildActionMask = 2147483647;
			files = (
				452833352044D3E300458375 /* AppDelegate.swift in Sources */,
				452833322044D3E300458375 /* ViewController.swift in Sources */,
				45AF185F204C226C00343B25 /* PathLoader.swift in Sources */,
			);
			runOnlyForDeploymentPostprocessing = 0;
		};
		452833462044D41300458375 /* Sources */ = {
			isa = PBXSourcesBuildPhase;
			buildActionMask = 2147483647;
			files = (
				45EEC048205A66E900CEF5BF /* AppDelegate.swift in Sources */,
				4528334F2044D41300458375 /* ViewController.swift in Sources */,
				45AF1860204C226C00343B25 /* PathLoader.swift in Sources */,
			);
			runOnlyForDeploymentPostprocessing = 0;
		};
		45541BC1205990990025A8BF /* Sources */ = {
			isa = PBXSourcesBuildPhase;
			buildActionMask = 2147483647;
			files = (
				45EEC049205A66E900CEF5BF /* AppDelegate.swift in Sources */,
				45541BCA205990990025A8BF /* ViewController.swift in Sources */,
				45541BDE205992420025A8BF /* PathLoader.swift in Sources */,
			);
			runOnlyForDeploymentPostprocessing = 0;
		};
		45F78C212CB939C700AD985F /* Sources */ = {
			isa = PBXSourcesBuildPhase;
			buildActionMask = 2147483647;
			files = (
				45F78C3A2CB93B8500AD985F /* PathLoader.swift in Sources */,
			);
			runOnlyForDeploymentPostprocessing = 0;
		};
/* End PBXSourcesBuildPhase section */

/* Begin PBXTargetDependency section */
		452833762044D5DD00458375 /* PBXTargetDependency */ = {
			isa = PBXTargetDependency;
			name = "ID3TagEditor macOS";
			targetProxy = 452833752044D5DD00458375 /* PBXContainerItemProxy */;
		};
		452833892044D7F400458375 /* PBXTargetDependency */ = {
			isa = PBXTargetDependency;
			name = "ID3TagEditor iOS";
			targetProxy = 452833882044D7F400458375 /* PBXContainerItemProxy */;
		};
		45541BDC205991260025A8BF /* PBXTargetDependency */ = {
			isa = PBXTargetDependency;
			name = "ID3TagEditor tvOS";
			targetProxy = 45541BDB205991260025A8BF /* PBXContainerItemProxy */;
		};
/* End PBXTargetDependency section */

/* Begin PBXVariantGroup section */
		4528332E2044D3E300458375 /* Main.storyboard */ = {
			isa = PBXVariantGroup;
			children = (
				4528332F2044D3E300458375 /* Base */,
			);
			name = Main.storyboard;
			sourceTree = "<group>";
		};
		452833502044D41300458375 /* Main.storyboard */ = {
			isa = PBXVariantGroup;
			children = (
				452833512044D41300458375 /* Base */,
			);
			name = Main.storyboard;
			sourceTree = "<group>";
		};
		452833552044D41300458375 /* LaunchScreen.storyboard */ = {
			isa = PBXVariantGroup;
			children = (
				452833562044D41300458375 /* Base */,
			);
			name = LaunchScreen.storyboard;
			sourceTree = "<group>";
		};
		45541BCB205990990025A8BF /* Main.storyboard */ = {
			isa = PBXVariantGroup;
			children = (
				45541BCC205990990025A8BF /* Base */,
			);
			name = Main.storyboard;
			sourceTree = "<group>";
		};
/* End PBXVariantGroup section */

/* Begin XCBuildConfiguration section */
		452832FD2044D28E00458375 /* Debug */ = {
			isa = XCBuildConfiguration;
			buildSettings = {
				ALWAYS_SEARCH_USER_PATHS = NO;
				CLANG_ANALYZER_NONNULL = YES;
				CLANG_ANALYZER_NUMBER_OBJECT_CONVERSION = YES_AGGRESSIVE;
				CLANG_CXX_LANGUAGE_STANDARD = "gnu++14";
				CLANG_CXX_LIBRARY = "libc++";
				CLANG_ENABLE_MODULES = YES;
				CLANG_ENABLE_OBJC_ARC = YES;
				CLANG_WARN_BLOCK_CAPTURE_AUTORELEASING = YES;
				CLANG_WARN_BOOL_CONVERSION = YES;
				CLANG_WARN_COMMA = YES;
				CLANG_WARN_CONSTANT_CONVERSION = YES;
				CLANG_WARN_DEPRECATED_OBJC_IMPLEMENTATIONS = YES;
				CLANG_WARN_DIRECT_OBJC_ISA_USAGE = YES_ERROR;
				CLANG_WARN_DOCUMENTATION_COMMENTS = YES;
				CLANG_WARN_EMPTY_BODY = YES;
				CLANG_WARN_ENUM_CONVERSION = YES;
				CLANG_WARN_INFINITE_RECURSION = YES;
				CLANG_WARN_INT_CONVERSION = YES;
				CLANG_WARN_NON_LITERAL_NULL_CONVERSION = YES;
				CLANG_WARN_OBJC_IMPLICIT_RETAIN_SELF = YES;
				CLANG_WARN_OBJC_LITERAL_CONVERSION = YES;
				CLANG_WARN_OBJC_ROOT_CLASS = YES_ERROR;
				CLANG_WARN_QUOTED_INCLUDE_IN_FRAMEWORK_HEADER = YES;
				CLANG_WARN_RANGE_LOOP_ANALYSIS = YES;
				CLANG_WARN_STRICT_PROTOTYPES = YES;
				CLANG_WARN_SUSPICIOUS_MOVE = YES;
				CLANG_WARN_UNGUARDED_AVAILABILITY = YES_AGGRESSIVE;
				CLANG_WARN_UNREACHABLE_CODE = YES;
				CLANG_WARN__DUPLICATE_METHOD_MATCH = YES;
				CODE_SIGN_IDENTITY = "Mac Developer";
				COPY_PHASE_STRIP = NO;
				DEBUG_INFORMATION_FORMAT = dwarf;
				ENABLE_STRICT_OBJC_MSGSEND = YES;
				ENABLE_TESTABILITY = YES;
				GCC_C_LANGUAGE_STANDARD = gnu11;
				GCC_DYNAMIC_NO_PIC = NO;
				GCC_NO_COMMON_BLOCKS = YES;
				GCC_OPTIMIZATION_LEVEL = 0;
				GCC_PREPROCESSOR_DEFINITIONS = (
					"DEBUG=1",
					"$(inherited)",
				);
				GCC_WARN_64_TO_32_BIT_CONVERSION = YES;
				GCC_WARN_ABOUT_RETURN_TYPE = YES_ERROR;
				GCC_WARN_UNDECLARED_SELECTOR = YES;
				GCC_WARN_UNINITIALIZED_AUTOS = YES_AGGRESSIVE;
				GCC_WARN_UNUSED_FUNCTION = YES;
				GCC_WARN_UNUSED_VARIABLE = YES;
				IPHONEOS_DEPLOYMENT_TARGET = 13.0;
				MACOSX_DEPLOYMENT_TARGET = 10.13;
				MTL_ENABLE_DEBUG_INFO = YES;
				ONLY_ACTIVE_ARCH = YES;
				SDKROOT = macosx;
				SWIFT_ACTIVE_COMPILATION_CONDITIONS = DEBUG;
				SWIFT_OPTIMIZATION_LEVEL = "-Onone";
			};
			name = Debug;
		};
		452832FE2044D28E00458375 /* Release */ = {
			isa = XCBuildConfiguration;
			buildSettings = {
				ALWAYS_SEARCH_USER_PATHS = NO;
				CLANG_ANALYZER_NONNULL = YES;
				CLANG_ANALYZER_NUMBER_OBJECT_CONVERSION = YES_AGGRESSIVE;
				CLANG_CXX_LANGUAGE_STANDARD = "gnu++14";
				CLANG_CXX_LIBRARY = "libc++";
				CLANG_ENABLE_MODULES = YES;
				CLANG_ENABLE_OBJC_ARC = YES;
				CLANG_WARN_BLOCK_CAPTURE_AUTORELEASING = YES;
				CLANG_WARN_BOOL_CONVERSION = YES;
				CLANG_WARN_COMMA = YES;
				CLANG_WARN_CONSTANT_CONVERSION = YES;
				CLANG_WARN_DEPRECATED_OBJC_IMPLEMENTATIONS = YES;
				CLANG_WARN_DIRECT_OBJC_ISA_USAGE = YES_ERROR;
				CLANG_WARN_DOCUMENTATION_COMMENTS = YES;
				CLANG_WARN_EMPTY_BODY = YES;
				CLANG_WARN_ENUM_CONVERSION = YES;
				CLANG_WARN_INFINITE_RECURSION = YES;
				CLANG_WARN_INT_CONVERSION = YES;
				CLANG_WARN_NON_LITERAL_NULL_CONVERSION = YES;
				CLANG_WARN_OBJC_IMPLICIT_RETAIN_SELF = YES;
				CLANG_WARN_OBJC_LITERAL_CONVERSION = YES;
				CLANG_WARN_OBJC_ROOT_CLASS = YES_ERROR;
				CLANG_WARN_QUOTED_INCLUDE_IN_FRAMEWORK_HEADER = YES;
				CLANG_WARN_RANGE_LOOP_ANALYSIS = YES;
				CLANG_WARN_STRICT_PROTOTYPES = YES;
				CLANG_WARN_SUSPICIOUS_MOVE = YES;
				CLANG_WARN_UNGUARDED_AVAILABILITY = YES_AGGRESSIVE;
				CLANG_WARN_UNREACHABLE_CODE = YES;
				CLANG_WARN__DUPLICATE_METHOD_MATCH = YES;
				CODE_SIGN_IDENTITY = "Mac Developer";
				COPY_PHASE_STRIP = NO;
				DEBUG_INFORMATION_FORMAT = "dwarf-with-dsym";
				ENABLE_NS_ASSERTIONS = NO;
				ENABLE_STRICT_OBJC_MSGSEND = YES;
				GCC_C_LANGUAGE_STANDARD = gnu11;
				GCC_NO_COMMON_BLOCKS = YES;
				GCC_WARN_64_TO_32_BIT_CONVERSION = YES;
				GCC_WARN_ABOUT_RETURN_TYPE = YES_ERROR;
				GCC_WARN_UNDECLARED_SELECTOR = YES;
				GCC_WARN_UNINITIALIZED_AUTOS = YES_AGGRESSIVE;
				GCC_WARN_UNUSED_FUNCTION = YES;
				GCC_WARN_UNUSED_VARIABLE = YES;
				IPHONEOS_DEPLOYMENT_TARGET = 13.0;
				MACOSX_DEPLOYMENT_TARGET = 10.13;
				MTL_ENABLE_DEBUG_INFO = NO;
				SDKROOT = macosx;
				SWIFT_COMPILATION_MODE = wholemodule;
				SWIFT_OPTIMIZATION_LEVEL = "-O";
			};
			name = Release;
		};
		452833002044D28E00458375 /* Debug */ = {
			isa = XCBuildConfiguration;
			buildSettings = {
				ALWAYS_EMBED_SWIFT_STANDARD_LIBRARIES = YES;
				ASSETCATALOG_COMPILER_APPICON_NAME = AppIcon;
				CODE_SIGN_ENTITLEMENTS = "Demo macOS/Demo.entitlements";
				CODE_SIGN_IDENTITY = "-";
				CODE_SIGN_STYLE = Automatic;
				COMBINE_HIDPI_IMAGES = YES;
				DEVELOPMENT_TEAM = Y682K92RZU;
				INFOPLIST_FILE = "Demo macOS/Info.plist";
				LD_RUNPATH_SEARCH_PATHS = (
					"$(inherited)",
					"@executable_path/../Frameworks",
				);
				MACOSX_DEPLOYMENT_TARGET = 12.0;
				PRODUCT_BUNDLE_IDENTIFIER = it.chicio.Demo;
				PRODUCT_NAME = "$(TARGET_NAME)";
				SWIFT_VERSION = 5.0;
			};
			name = Debug;
		};
		452833012044D28E00458375 /* Release */ = {
			isa = XCBuildConfiguration;
			buildSettings = {
				ALWAYS_EMBED_SWIFT_STANDARD_LIBRARIES = YES;
				ASSETCATALOG_COMPILER_APPICON_NAME = AppIcon;
				CODE_SIGN_ENTITLEMENTS = "Demo macOS/Demo.entitlements";
				CODE_SIGN_IDENTITY = "-";
				CODE_SIGN_STYLE = Automatic;
				COMBINE_HIDPI_IMAGES = YES;
				DEVELOPMENT_TEAM = Y682K92RZU;
				INFOPLIST_FILE = "Demo macOS/Info.plist";
				LD_RUNPATH_SEARCH_PATHS = (
					"$(inherited)",
					"@executable_path/../Frameworks",
				);
				MACOSX_DEPLOYMENT_TARGET = 12.0;
				PRODUCT_BUNDLE_IDENTIFIER = it.chicio.Demo;
				PRODUCT_NAME = "$(TARGET_NAME)";
				SWIFT_VERSION = 5.0;
			};
			name = Release;
		};
		4528335A2044D41300458375 /* Debug */ = {
			isa = XCBuildConfiguration;
			buildSettings = {
				ALWAYS_EMBED_SWIFT_STANDARD_LIBRARIES = YES;
				ASSETCATALOG_COMPILER_APPICON_NAME = AppIcon;
				CODE_SIGN_IDENTITY = "iPhone Developer";
				CODE_SIGN_STYLE = Automatic;
				DEVELOPMENT_TEAM = 5Y4K7JX2AU;
				INFOPLIST_FILE = "Demo iOS/Info.plist";
				IPHONEOS_DEPLOYMENT_TARGET = 15.0;
				LD_RUNPATH_SEARCH_PATHS = (
					"$(inherited)",
					"@executable_path/Frameworks",
				);
				PRODUCT_BUNDLE_IDENTIFIER = "it.chicio.Demo-iOS";
				PRODUCT_NAME = "$(TARGET_NAME)";
				SDKROOT = iphoneos;
				SWIFT_VERSION = 5.0;
				TARGETED_DEVICE_FAMILY = "1,2";
			};
			name = Debug;
		};
		4528335B2044D41300458375 /* Release */ = {
			isa = XCBuildConfiguration;
			buildSettings = {
				ALWAYS_EMBED_SWIFT_STANDARD_LIBRARIES = YES;
				ASSETCATALOG_COMPILER_APPICON_NAME = AppIcon;
				CODE_SIGN_IDENTITY = "iPhone Developer";
				CODE_SIGN_STYLE = Automatic;
				DEVELOPMENT_TEAM = 5Y4K7JX2AU;
				INFOPLIST_FILE = "Demo iOS/Info.plist";
				IPHONEOS_DEPLOYMENT_TARGET = 15.0;
				LD_RUNPATH_SEARCH_PATHS = (
					"$(inherited)",
					"@executable_path/Frameworks",
				);
				PRODUCT_BUNDLE_IDENTIFIER = "it.chicio.Demo-iOS";
				PRODUCT_NAME = "$(TARGET_NAME)";
				SDKROOT = iphoneos;
				SWIFT_VERSION = 5.0;
				TARGETED_DEVICE_FAMILY = "1,2";
				VALIDATE_PRODUCT = YES;
			};
			name = Release;
		};
		45541BD1205990990025A8BF /* Debug */ = {
			isa = XCBuildConfiguration;
			buildSettings = {
				ALWAYS_EMBED_SWIFT_STANDARD_LIBRARIES = YES;
				ASSETCATALOG_COMPILER_APPICON_NAME = "App Icon & Top Shelf Image";
				ASSETCATALOG_COMPILER_LAUNCHIMAGE_NAME = LaunchImage;
				CODE_SIGN_IDENTITY = "iPhone Developer";
				CODE_SIGN_STYLE = Automatic;
				DEVELOPMENT_TEAM = 5Y4K7JX2AU;
				INFOPLIST_FILE = "Demo tvOS/Info.plist";
				LD_RUNPATH_SEARCH_PATHS = (
					"$(inherited)",
					"@executable_path/Frameworks",
				);
				PRODUCT_BUNDLE_IDENTIFIER = "it.chicio.Demo-tvOS";
				PRODUCT_NAME = "$(TARGET_NAME)";
				SDKROOT = appletvos;
				SWIFT_VERSION = 5.0;
				TARGETED_DEVICE_FAMILY = 3;
				TVOS_DEPLOYMENT_TARGET = 15.0;
				WATCHOS_DEPLOYMENT_TARGET = 8.0;
			};
			name = Debug;
		};
		45541BD2205990990025A8BF /* Release */ = {
			isa = XCBuildConfiguration;
			buildSettings = {
				ALWAYS_EMBED_SWIFT_STANDARD_LIBRARIES = YES;
				ASSETCATALOG_COMPILER_APPICON_NAME = "App Icon & Top Shelf Image";
				ASSETCATALOG_COMPILER_LAUNCHIMAGE_NAME = LaunchImage;
				CODE_SIGN_IDENTITY = "iPhone Developer";
				CODE_SIGN_STYLE = Automatic;
				DEVELOPMENT_TEAM = 5Y4K7JX2AU;
				INFOPLIST_FILE = "Demo tvOS/Info.plist";
				LD_RUNPATH_SEARCH_PATHS = (
					"$(inherited)",
					"@executable_path/Frameworks",
				);
				PRODUCT_BUNDLE_IDENTIFIER = "it.chicio.Demo-tvOS";
				PRODUCT_NAME = "$(TARGET_NAME)";
				SDKROOT = appletvos;
				SWIFT_VERSION = 5.0;
				TARGETED_DEVICE_FAMILY = 3;
				TVOS_DEPLOYMENT_TARGET = 15.0;
				VALIDATE_PRODUCT = YES;
				WATCHOS_DEPLOYMENT_TARGET = 8.0;
			};
			name = Release;
		};
		45F78C342CB939C800AD985F /* Debug */ = {
			isa = XCBuildConfiguration;
			buildSettings = {
				ASSETCATALOG_COMPILER_APPICON_NAME = AppIcon;
				ASSETCATALOG_COMPILER_GENERATE_SWIFT_ASSET_SYMBOL_EXTENSIONS = YES;
				ASSETCATALOG_COMPILER_GLOBAL_ACCENT_COLOR_NAME = AccentColor;
				CLANG_CXX_LANGUAGE_STANDARD = "gnu++20";
				CLANG_ENABLE_OBJC_WEAK = YES;
				CODE_SIGN_STYLE = Automatic;
				CURRENT_PROJECT_VERSION = 1;
				DEVELOPMENT_ASSET_PATHS = "\"Demo watchOS/Preview Content\"";
				DEVELOPMENT_TEAM = 5Y4K7JX2AU;
				ENABLE_PREVIEWS = YES;
				ENABLE_USER_SCRIPT_SANDBOXING = YES;
				GCC_C_LANGUAGE_STANDARD = gnu17;
				GENERATE_INFOPLIST_FILE = YES;
				INFOPLIST_KEY_CFBundleDisplayName = "Demo watchOS";
				INFOPLIST_KEY_UISupportedInterfaceOrientations = "UIInterfaceOrientationPortrait UIInterfaceOrientationPortraitUpsideDown";
				INFOPLIST_KEY_WKWatchOnly = YES;
				LD_RUNPATH_SEARCH_PATHS = (
					"$(inherited)",
					"@executable_path/Frameworks",
				);
				LOCALIZATION_PREFERS_STRING_CATALOGS = YES;
				MARKETING_VERSION = 1.0;
				MTL_ENABLE_DEBUG_INFO = INCLUDE_SOURCE;
				MTL_FAST_MATH = YES;
				PRODUCT_BUNDLE_IDENTIFIER = "it.chicio.Demo-watchOS";
				PRODUCT_NAME = "$(TARGET_NAME)";
				SDKROOT = watchos;
				SKIP_INSTALL = YES;
				SWIFT_ACTIVE_COMPILATION_CONDITIONS = "DEBUG $(inherited)";
				SWIFT_EMIT_LOC_STRINGS = YES;
				SWIFT_VERSION = 5.0;
				TARGETED_DEVICE_FAMILY = 4;
				WATCHOS_DEPLOYMENT_TARGET = 11.0;
			};
			name = Debug;
		};
		45F78C352CB939C800AD985F /* Release */ = {
			isa = XCBuildConfiguration;
			buildSettings = {
				ASSETCATALOG_COMPILER_APPICON_NAME = AppIcon;
				ASSETCATALOG_COMPILER_GENERATE_SWIFT_ASSET_SYMBOL_EXTENSIONS = YES;
				ASSETCATALOG_COMPILER_GLOBAL_ACCENT_COLOR_NAME = AccentColor;
				CLANG_CXX_LANGUAGE_STANDARD = "gnu++20";
				CLANG_ENABLE_OBJC_WEAK = YES;
				CODE_SIGN_STYLE = Automatic;
				CURRENT_PROJECT_VERSION = 1;
				DEVELOPMENT_ASSET_PATHS = "\"Demo watchOS/Preview Content\"";
				DEVELOPMENT_TEAM = 5Y4K7JX2AU;
				ENABLE_PREVIEWS = YES;
				ENABLE_USER_SCRIPT_SANDBOXING = YES;
				GCC_C_LANGUAGE_STANDARD = gnu17;
				GENERATE_INFOPLIST_FILE = YES;
				INFOPLIST_KEY_CFBundleDisplayName = "Demo watchOS";
				INFOPLIST_KEY_UISupportedInterfaceOrientations = "UIInterfaceOrientationPortrait UIInterfaceOrientationPortraitUpsideDown";
				INFOPLIST_KEY_WKWatchOnly = YES;
				LD_RUNPATH_SEARCH_PATHS = (
					"$(inherited)",
					"@executable_path/Frameworks",
				);
				LOCALIZATION_PREFERS_STRING_CATALOGS = YES;
				MARKETING_VERSION = 1.0;
				MTL_FAST_MATH = YES;
				PRODUCT_BUNDLE_IDENTIFIER = "it.chicio.Demo-watchOS";
				PRODUCT_NAME = "$(TARGET_NAME)";
				SDKROOT = watchos;
				SKIP_INSTALL = YES;
				SWIFT_EMIT_LOC_STRINGS = YES;
				SWIFT_VERSION = 5.0;
				TARGETED_DEVICE_FAMILY = 4;
				VALIDATE_PRODUCT = YES;
				WATCHOS_DEPLOYMENT_TARGET = 11.0;
			};
			name = Release;
		};
/* End XCBuildConfiguration section */

/* Begin XCConfigurationList section */
		452832EA2044D28E00458375 /* Build configuration list for PBXProject "Demo" */ = {
			isa = XCConfigurationList;
			buildConfigurations = (
				452832FD2044D28E00458375 /* Debug */,
				452832FE2044D28E00458375 /* Release */,
			);
			defaultConfigurationIsVisible = 0;
			defaultConfigurationName = Release;
		};
		452832FF2044D28E00458375 /* Build configuration list for PBXNativeTarget "Demo macOS" */ = {
			isa = XCConfigurationList;
			buildConfigurations = (
				452833002044D28E00458375 /* Debug */,
				452833012044D28E00458375 /* Release */,
			);
			defaultConfigurationIsVisible = 0;
			defaultConfigurationName = Release;
		};
		452833592044D41300458375 /* Build configuration list for PBXNativeTarget "Demo iOS" */ = {
			isa = XCConfigurationList;
			buildConfigurations = (
				4528335A2044D41300458375 /* Debug */,
				4528335B2044D41300458375 /* Release */,
			);
			defaultConfigurationIsVisible = 0;
			defaultConfigurationName = Release;
		};
		45541BD8205990990025A8BF /* Build configuration list for PBXNativeTarget "Demo tvOS" */ = {
			isa = XCConfigurationList;
			buildConfigurations = (
				45541BD1205990990025A8BF /* Debug */,
				45541BD2205990990025A8BF /* Release */,
			);
			defaultConfigurationIsVisible = 0;
			defaultConfigurationName = Release;
		};
		45F78C332CB939C800AD985F /* Build configuration list for PBXNativeTarget "Demo watchOS Watch App" */ = {
			isa = XCConfigurationList;
			buildConfigurations = (
				45F78C342CB939C800AD985F /* Debug */,
				45F78C352CB939C800AD985F /* Release */,
			);
			defaultConfigurationIsVisible = 0;
			defaultConfigurationName = Release;
		};
/* End XCConfigurationList section */
	};
	rootObject = 452832E72044D28E00458375 /* Project object */;
}
